// !$*UTF8*$!
{
	archiveVersion = 1;
	classes = {
	};
	objectVersion = 45;
	objects = {

/* Begin PBXBuildFile section */
		072972C31146DB49004ED361 /* UserProfile.m in Sources */ = {isa = PBXBuildFile; fileRef = 072972C21146DB49004ED361 /* UserProfile.m */; };
		07786E37114EDB630039C9FA /* ExampleUnitTest.m in Sources */ = {isa = PBXBuildFile; fileRef = 07786E36114EDB630039C9FA /* ExampleUnitTest.m */; };
		07BBE0AE113703EC00BAF196 /* Space-Art-Wallpapers-12.jpg in Resources */ = {isa = PBXBuildFile; fileRef = 07BBE0AD113703EC00BAF196 /* Space-Art-Wallpapers-12.jpg */; };
		07BBE0B71137109E00BAF196 /* BackgroundAnimation.m in Sources */ = {isa = PBXBuildFile; fileRef = 07BBE0B61137109E00BAF196 /* BackgroundAnimation.m */; };
		07E3F5DF1146DDD5005E5D37 /* boy.png in Resources */ = {isa = PBXBuildFile; fileRef = 07E3F5DB1146DDD5005E5D37 /* boy.png */; };
		07E3F5E01146DDD5005E5D37 /* cat.png in Resources */ = {isa = PBXBuildFile; fileRef = 07E3F5DC1146DDD5005E5D37 /* cat.png */; };
		07E3F5E11146DDD5005E5D37 /* dog.png in Resources */ = {isa = PBXBuildFile; fileRef = 07E3F5DD1146DDD5005E5D37 /* dog.png */; };
		07E3F5E21146DDD5005E5D37 /* girl.png in Resources */ = {isa = PBXBuildFile; fileRef = 07E3F5DE1146DDD5005E5D37 /* girl.png */; };
		1D3623260D0F684500981E51 /* MindBlasterAppDelegate.m in Sources */ = {isa = PBXBuildFile; fileRef = 1D3623250D0F684500981E51 /* MindBlasterAppDelegate.m */; };
		1D60589B0D05DD56006BFB54 /* main.m in Sources */ = {isa = PBXBuildFile; fileRef = 29B97316FDCFA39411CA2CEA /* main.m */; };
		1D60589F0D05DD5A006BFB54 /* Foundation.framework in Frameworks */ = {isa = PBXBuildFile; fileRef = 1D30AB110D05D00D00671497 /* Foundation.framework */; };
		1DF5F4E00D08C38300B7A737 /* UIKit.framework in Frameworks */ = {isa = PBXBuildFile; fileRef = 1DF5F4DF0D08C38300B7A737 /* UIKit.framework */; };
		2892E4100DC94CBA00A64D0F /* CoreGraphics.framework in Frameworks */ = {isa = PBXBuildFile; fileRef = 2892E40F0DC94CBA00A64D0F /* CoreGraphics.framework */; };
		28AD73600D9D9599002E5188 /* MainWindow.xib in Resources */ = {isa = PBXBuildFile; fileRef = 28AD735F0D9D9599002E5188 /* MainWindow.xib */; };
		28C286E10D94DF7D0034E888 /* RootViewController.m in Sources */ = {isa = PBXBuildFile; fileRef = 28C286E00D94DF7D0034E888 /* RootViewController.m */; };
		28F335F11007B36200424DE2 /* RootViewController.xib in Resources */ = {isa = PBXBuildFile; fileRef = 28F335F01007B36200424DE2 /* RootViewController.xib */; };
		77203D851141114000127EC1 /* ship.gif in Resources */ = {isa = PBXBuildFile; fileRef = 77203D841141114000127EC1 /* ship.gif */; };
		77203E431141272E00127EC1 /* Ship.m in Sources */ = {isa = PBXBuildFile; fileRef = 77203E421141272E00127EC1 /* Ship.m */; };
		77B6953811461F940055EFD6 /* Questions.m in Sources */ = {isa = PBXBuildFile; fileRef = 77B6953411461F940055EFD6 /* Questions.m */; };
		77B6953911461F940055EFD6 /* Question.m in Sources */ = {isa = PBXBuildFile; fileRef = 77B6953611461F940055EFD6 /* Question.m */; };
		77D33A851148CE4600D066DD /* Topic.m in Sources */ = {isa = PBXBuildFile; fileRef = 77D33A841148CE4600D066DD /* Topic.m */; };
		B437022C1131E25A002A55F5 /* TopicScreenController.m in Sources */ = {isa = PBXBuildFile; fileRef = B437022A1131E25A002A55F5 /* TopicScreenController.m */; };
		B437022D1131E25A002A55F5 /* TopicScreenController.xib in Resources */ = {isa = PBXBuildFile; fileRef = B437022B1131E25A002A55F5 /* TopicScreenController.xib */; };
		B43702441131E453002A55F5 /* DifficultyScreenController.m in Sources */ = {isa = PBXBuildFile; fileRef = B43702421131E453002A55F5 /* DifficultyScreenController.m */; };
		B43702451131E453002A55F5 /* DifficultyScreenController.xib in Resources */ = {isa = PBXBuildFile; fileRef = B43702431131E453002A55F5 /* DifficultyScreenController.xib */; };
		B43702B71131EBF4002A55F5 /* GameScreenController.m in Sources */ = {isa = PBXBuildFile; fileRef = B43702B51131EBF4002A55F5 /* GameScreenController.m */; };
		B43702B81131EBF4002A55F5 /* GameScreenController.xib in Resources */ = {isa = PBXBuildFile; fileRef = B43702B61131EBF4002A55F5 /* GameScreenController.xib */; };
		B43702E31131F094002A55F5 /* GameOverScreenController.m in Sources */ = {isa = PBXBuildFile; fileRef = B43702E11131F094002A55F5 /* GameOverScreenController.m */; };
		B43702E41131F094002A55F5 /* GameOverScreenController.xib in Resources */ = {isa = PBXBuildFile; fileRef = B43702E21131F094002A55F5 /* GameOverScreenController.xib */; };
		B43702EF1131F201002A55F5 /* LoadGameScreenController.m in Sources */ = {isa = PBXBuildFile; fileRef = B43702ED1131F201002A55F5 /* LoadGameScreenController.m */; };
		B43702F01131F201002A55F5 /* LoadGameScreenController.xib in Resources */ = {isa = PBXBuildFile; fileRef = B43702EE1131F201002A55F5 /* LoadGameScreenController.xib */; };
		B463F0A4113DE27A0009796E /* asteroid6.png in Resources */ = {isa = PBXBuildFile; fileRef = B463F0A3113DE27A0009796E /* asteroid6.png */; };
		B4C0FEF31131DDAC00EBC1D9 /* CharacterScreenController.m in Sources */ = {isa = PBXBuildFile; fileRef = B4C0FEF11131DDAC00EBC1D9 /* CharacterScreenController.m */; };
		B4C0FEF41131DDAC00EBC1D9 /* CharacterScreenController.xib in Resources */ = {isa = PBXBuildFile; fileRef = B4C0FEF21131DDAC00EBC1D9 /* CharacterScreenController.xib */; };
		B4C0FF181131E04600EBC1D9 /* UserNameScreenController.m in Sources */ = {isa = PBXBuildFile; fileRef = B4C0FF161131E04600EBC1D9 /* UserNameScreenController.m */; };
		B4C0FF191131E04600EBC1D9 /* UserNameScreenController.xib in Resources */ = {isa = PBXBuildFile; fileRef = B4C0FF171131E04600EBC1D9 /* UserNameScreenController.xib */; };
		B4C71232113E4E2A00C50561 /* greyball.png in Resources */ = {isa = PBXBuildFile; fileRef = B4C7122F113E4E2A00C50561 /* greyball.png */; };
		B4C71233113E4E2A00C50561 /* leftwheel.png in Resources */ = {isa = PBXBuildFile; fileRef = B4C71230113E4E2A00C50561 /* leftwheel.png */; };
		B4C71234113E4E2A00C50561 /* rightwheel.png in Resources */ = {isa = PBXBuildFile; fileRef = B4C71231113E4E2A00C50561 /* rightwheel.png */; };
		B4D628EE113F5C50003093D8 /* bullet2.png in Resources */ = {isa = PBXBuildFile; fileRef = B4D628ED113F5C50003093D8 /* bullet2.png */; };
		B4EA944A1132074700016680 /* HelpScreenController.m in Sources */ = {isa = PBXBuildFile; fileRef = B4EA94481132074700016680 /* HelpScreenController.m */; };
		B4EA944B1132074700016680 /* HelpScreenController.xib in Resources */ = {isa = PBXBuildFile; fileRef = B4EA94491132074700016680 /* HelpScreenController.xib */; };
		B4F2EF131144743B006BFA7D /* ship3.png in Resources */ = {isa = PBXBuildFile; fileRef = B4F2EF121144743B006BFA7D /* ship3.png */; };
		B4F2EFDA11447E78006BFA7D /* Asteroid.m in Sources */ = {isa = PBXBuildFile; fileRef = B4F2EFD911447E78006BFA7D /* Asteroid.m */; };
/* End PBXBuildFile section */

/* Begin PBXContainerItemProxy section */
		07786E25114EDAB70039C9FA /* PBXContainerItemProxy */ = {
			isa = PBXContainerItemProxy;
			containerPortal = 29B97313FDCFA39411CA2CEA /* Project object */;
			proxyType = 1;
			remoteGlobalIDString = 1D6058900D05DD3D006BFB54;
			remoteInfo = MindBlaster;
		};
/* End PBXContainerItemProxy section */

/* Begin PBXFileReference section */
		072972C11146DB3C004ED361 /* UserProfile.h */ = {isa = PBXFileReference; fileEncoding = 4; lastKnownFileType = sourcecode.c.h; path = UserProfile.h; sourceTree = "<group>"; };
		072972C21146DB49004ED361 /* UserProfile.m */ = {isa = PBXFileReference; fileEncoding = 4; lastKnownFileType = sourcecode.c.objc; path = UserProfile.m; sourceTree = "<group>"; };
		07786E19114EDAB00039C9FA /* UnitTesting.octest */ = {isa = PBXFileReference; explicitFileType = wrapper.cfbundle; includeInIndex = 0; path = UnitTesting.octest; sourceTree = BUILT_PRODUCTS_DIR; };
		07786E21114EDAB00039C9FA /* UnitTesting-Info.plist */ = {isa = PBXFileReference; lastKnownFileType = text.plist.xml; path = "UnitTesting-Info.plist"; sourceTree = "<group>"; };
		07786E35114EDB630039C9FA /* ExampleUnitTest.h */ = {isa = PBXFileReference; fileEncoding = 4; lastKnownFileType = sourcecode.c.h; path = ExampleUnitTest.h; sourceTree = "<group>"; };
		07786E36114EDB630039C9FA /* ExampleUnitTest.m */ = {isa = PBXFileReference; fileEncoding = 4; lastKnownFileType = sourcecode.c.objc; path = ExampleUnitTest.m; sourceTree = "<group>"; };
		07BBE0AD113703EC00BAF196 /* Space-Art-Wallpapers-12.jpg */ = {isa = PBXFileReference; lastKnownFileType = image.jpeg; path = "Space-Art-Wallpapers-12.jpg"; sourceTree = "<group>"; };
		07BBE0B51137109E00BAF196 /* BackgroundAnimation.h */ = {isa = PBXFileReference; fileEncoding = 4; lastKnownFileType = sourcecode.c.h; path = BackgroundAnimation.h; sourceTree = "<group>"; };
		07BBE0B61137109E00BAF196 /* BackgroundAnimation.m */ = {isa = PBXFileReference; fileEncoding = 4; lastKnownFileType = sourcecode.c.objc; path = BackgroundAnimation.m; sourceTree = "<group>"; };
		07E3F5DB1146DDD5005E5D37 /* boy.png */ = {isa = PBXFileReference; lastKnownFileType = image.png; path = boy.png; sourceTree = "<group>"; };
		07E3F5DC1146DDD5005E5D37 /* cat.png */ = {isa = PBXFileReference; lastKnownFileType = image.png; path = cat.png; sourceTree = "<group>"; };
		07E3F5DD1146DDD5005E5D37 /* dog.png */ = {isa = PBXFileReference; lastKnownFileType = image.png; path = dog.png; sourceTree = "<group>"; };
		07E3F5DE1146DDD5005E5D37 /* girl.png */ = {isa = PBXFileReference; lastKnownFileType = image.png; path = girl.png; sourceTree = "<group>"; };
		1D30AB110D05D00D00671497 /* Foundation.framework */ = {isa = PBXFileReference; lastKnownFileType = wrapper.framework; name = Foundation.framework; path = System/Library/Frameworks/Foundation.framework; sourceTree = SDKROOT; };
		1D3623240D0F684500981E51 /* MindBlasterAppDelegate.h */ = {isa = PBXFileReference; fileEncoding = 4; lastKnownFileType = sourcecode.c.h; path = MindBlasterAppDelegate.h; sourceTree = "<group>"; };
		1D3623250D0F684500981E51 /* MindBlasterAppDelegate.m */ = {isa = PBXFileReference; fileEncoding = 4; lastKnownFileType = sourcecode.c.objc; path = MindBlasterAppDelegate.m; sourceTree = "<group>"; };
		1D6058910D05DD3D006BFB54 /* MindBlaster.app */ = {isa = PBXFileReference; explicitFileType = wrapper.application; includeInIndex = 0; path = MindBlaster.app; sourceTree = BUILT_PRODUCTS_DIR; };
		1DF5F4DF0D08C38300B7A737 /* UIKit.framework */ = {isa = PBXFileReference; lastKnownFileType = wrapper.framework; name = UIKit.framework; path = System/Library/Frameworks/UIKit.framework; sourceTree = SDKROOT; };
		2892E40F0DC94CBA00A64D0F /* CoreGraphics.framework */ = {isa = PBXFileReference; lastKnownFileType = wrapper.framework; name = CoreGraphics.framework; path = System/Library/Frameworks/CoreGraphics.framework; sourceTree = SDKROOT; };
		28A0AAE50D9B0CCF005BE974 /* MindBlaster_Prefix.pch */ = {isa = PBXFileReference; fileEncoding = 4; lastKnownFileType = sourcecode.c.h; path = MindBlaster_Prefix.pch; sourceTree = "<group>"; };
		28AD735F0D9D9599002E5188 /* MainWindow.xib */ = {isa = PBXFileReference; lastKnownFileType = file.xib; path = MainWindow.xib; sourceTree = "<group>"; };
		28C286DF0D94DF7D0034E888 /* RootViewController.h */ = {isa = PBXFileReference; fileEncoding = 4; lastKnownFileType = sourcecode.c.h; path = RootViewController.h; sourceTree = "<group>"; };
		28C286E00D94DF7D0034E888 /* RootViewController.m */ = {isa = PBXFileReference; fileEncoding = 4; lastKnownFileType = sourcecode.c.objc; path = RootViewController.m; sourceTree = "<group>"; };
		28F335F01007B36200424DE2 /* RootViewController.xib */ = {isa = PBXFileReference; lastKnownFileType = file.xib; path = RootViewController.xib; sourceTree = "<group>"; };
		29B97316FDCFA39411CA2CEA /* main.m */ = {isa = PBXFileReference; fileEncoding = 4; lastKnownFileType = sourcecode.c.objc; path = main.m; sourceTree = "<group>"; };
		77203D841141114000127EC1 /* ship.gif */ = {isa = PBXFileReference; lastKnownFileType = image.gif; path = ship.gif; sourceTree = "<group>"; };
		77203E411141272E00127EC1 /* Ship.h */ = {isa = PBXFileReference; fileEncoding = 4; lastKnownFileType = sourcecode.c.h; path = Ship.h; sourceTree = "<group>"; };
		77203E421141272E00127EC1 /* Ship.m */ = {isa = PBXFileReference; fileEncoding = 4; lastKnownFileType = sourcecode.c.objc; path = Ship.m; sourceTree = "<group>"; };
		77B6953411461F940055EFD6 /* Questions.m */ = {isa = PBXFileReference; fileEncoding = 4; lastKnownFileType = sourcecode.c.objc; path = Questions.m; sourceTree = "<group>"; };
		77B6953511461F940055EFD6 /* Questions.h */ = {isa = PBXFileReference; fileEncoding = 4; lastKnownFileType = sourcecode.c.h; path = Questions.h; sourceTree = "<group>"; };
		77B6953611461F940055EFD6 /* Question.m */ = {isa = PBXFileReference; fileEncoding = 4; lastKnownFileType = sourcecode.c.objc; path = Question.m; sourceTree = "<group>"; };
		77B6953711461F940055EFD6 /* Question.h */ = {isa = PBXFileReference; fileEncoding = 4; lastKnownFileType = sourcecode.c.h; path = Question.h; sourceTree = "<group>"; };
		77D33A831148CE4600D066DD /* Topic.h */ = {isa = PBXFileReference; fileEncoding = 4; lastKnownFileType = sourcecode.c.h; path = Topic.h; sourceTree = "<group>"; };
		77D33A841148CE4600D066DD /* Topic.m */ = {isa = PBXFileReference; fileEncoding = 4; lastKnownFileType = sourcecode.c.objc; path = Topic.m; sourceTree = "<group>"; };
		8D1107310486CEB800E47090 /* MindBlaster-Info.plist */ = {isa = PBXFileReference; fileEncoding = 4; lastKnownFileType = text.plist.xml; path = "MindBlaster-Info.plist"; plistStructureDefinitionIdentifier = "com.apple.xcode.plist.structure-definition.iphone.info-plist"; sourceTree = "<group>"; };
		B43702291131E25A002A55F5 /* TopicScreenController.h */ = {isa = PBXFileReference; fileEncoding = 4; lastKnownFileType = sourcecode.c.h; path = TopicScreenController.h; sourceTree = "<group>"; };
		B437022A1131E25A002A55F5 /* TopicScreenController.m */ = {isa = PBXFileReference; fileEncoding = 4; lastKnownFileType = sourcecode.c.objc; path = TopicScreenController.m; sourceTree = "<group>"; };
		B437022B1131E25A002A55F5 /* TopicScreenController.xib */ = {isa = PBXFileReference; lastKnownFileType = file.xib; name = TopicScreenController.xib; path = Classes/TopicScreenController.xib; sourceTree = "<group>"; };
		B43702411131E453002A55F5 /* DifficultyScreenController.h */ = {isa = PBXFileReference; fileEncoding = 4; lastKnownFileType = sourcecode.c.h; path = DifficultyScreenController.h; sourceTree = "<group>"; };
		B43702421131E453002A55F5 /* DifficultyScreenController.m */ = {isa = PBXFileReference; fileEncoding = 4; lastKnownFileType = sourcecode.c.objc; path = DifficultyScreenController.m; sourceTree = "<group>"; };
		B43702431131E453002A55F5 /* DifficultyScreenController.xib */ = {isa = PBXFileReference; lastKnownFileType = file.xib; name = DifficultyScreenController.xib; path = Classes/DifficultyScreenController.xib; sourceTree = "<group>"; };
		B43702B41131EBF4002A55F5 /* GameScreenController.h */ = {isa = PBXFileReference; fileEncoding = 4; lastKnownFileType = sourcecode.c.h; name = GameScreenController.h; path = Classes/GameScreenController.h; sourceTree = "<group>"; };
		B43702B51131EBF4002A55F5 /* GameScreenController.m */ = {isa = PBXFileReference; fileEncoding = 4; lastKnownFileType = sourcecode.c.objc; name = GameScreenController.m; path = Classes/GameScreenController.m; sourceTree = "<group>"; };
		B43702B61131EBF4002A55F5 /* GameScreenController.xib */ = {isa = PBXFileReference; lastKnownFileType = file.xib; name = GameScreenController.xib; path = Classes/GameScreenController.xib; sourceTree = "<group>"; };
		B43702E01131F094002A55F5 /* GameOverScreenController.h */ = {isa = PBXFileReference; fileEncoding = 4; lastKnownFileType = sourcecode.c.h; path = GameOverScreenController.h; sourceTree = "<group>"; };
		B43702E11131F094002A55F5 /* GameOverScreenController.m */ = {isa = PBXFileReference; fileEncoding = 4; lastKnownFileType = sourcecode.c.objc; path = GameOverScreenController.m; sourceTree = "<group>"; };
		B43702E21131F094002A55F5 /* GameOverScreenController.xib */ = {isa = PBXFileReference; lastKnownFileType = file.xib; name = GameOverScreenController.xib; path = Classes/GameOverScreenController.xib; sourceTree = "<group>"; };
		B43702EC1131F201002A55F5 /* LoadGameScreenController.h */ = {isa = PBXFileReference; fileEncoding = 4; lastKnownFileType = sourcecode.c.h; path = LoadGameScreenController.h; sourceTree = "<group>"; };
		B43702ED1131F201002A55F5 /* LoadGameScreenController.m */ = {isa = PBXFileReference; fileEncoding = 4; lastKnownFileType = sourcecode.c.objc; path = LoadGameScreenController.m; sourceTree = "<group>"; };
		B43702EE1131F201002A55F5 /* LoadGameScreenController.xib */ = {isa = PBXFileReference; lastKnownFileType = file.xib; name = LoadGameScreenController.xib; path = Classes/LoadGameScreenController.xib; sourceTree = "<group>"; };
		B463F0A3113DE27A0009796E /* asteroid6.png */ = {isa = PBXFileReference; lastKnownFileType = image.png; path = asteroid6.png; sourceTree = "<group>"; };
		B4C0FEF01131DDAC00EBC1D9 /* CharacterScreenController.h */ = {isa = PBXFileReference; fileEncoding = 4; lastKnownFileType = sourcecode.c.h; path = CharacterScreenController.h; sourceTree = "<group>"; };
		B4C0FEF11131DDAC00EBC1D9 /* CharacterScreenController.m */ = {isa = PBXFileReference; fileEncoding = 4; lastKnownFileType = sourcecode.c.objc; path = CharacterScreenController.m; sourceTree = "<group>"; };
		B4C0FEF21131DDAC00EBC1D9 /* CharacterScreenController.xib */ = {isa = PBXFileReference; lastKnownFileType = file.xib; name = CharacterScreenController.xib; path = Classes/CharacterScreenController.xib; sourceTree = "<group>"; };
		B4C0FF151131E04600EBC1D9 /* UserNameScreenController.h */ = {isa = PBXFileReference; fileEncoding = 4; lastKnownFileType = sourcecode.c.h; path = UserNameScreenController.h; sourceTree = "<group>"; };
		B4C0FF161131E04600EBC1D9 /* UserNameScreenController.m */ = {isa = PBXFileReference; fileEncoding = 4; lastKnownFileType = sourcecode.c.objc; path = UserNameScreenController.m; sourceTree = "<group>"; };
		B4C0FF171131E04600EBC1D9 /* UserNameScreenController.xib */ = {isa = PBXFileReference; lastKnownFileType = file.xib; name = UserNameScreenController.xib; path = Classes/UserNameScreenController.xib; sourceTree = "<group>"; };
		B4C7122F113E4E2A00C50561 /* greyball.png */ = {isa = PBXFileReference; lastKnownFileType = image.png; path = greyball.png; sourceTree = "<group>"; };
		B4C71230113E4E2A00C50561 /* leftwheel.png */ = {isa = PBXFileReference; lastKnownFileType = image.png; path = leftwheel.png; sourceTree = "<group>"; };
		B4C71231113E4E2A00C50561 /* rightwheel.png */ = {isa = PBXFileReference; lastKnownFileType = image.png; path = rightwheel.png; sourceTree = "<group>"; };
		B4D628ED113F5C50003093D8 /* bullet2.png */ = {isa = PBXFileReference; lastKnownFileType = image.png; path = bullet2.png; sourceTree = "<group>"; };
		B4EA94471132074700016680 /* HelpScreenController.h */ = {isa = PBXFileReference; fileEncoding = 4; lastKnownFileType = sourcecode.c.h; path = HelpScreenController.h; sourceTree = "<group>"; };
		B4EA94481132074700016680 /* HelpScreenController.m */ = {isa = PBXFileReference; fileEncoding = 4; lastKnownFileType = sourcecode.c.objc; path = HelpScreenController.m; sourceTree = "<group>"; };
		B4EA94491132074700016680 /* HelpScreenController.xib */ = {isa = PBXFileReference; lastKnownFileType = file.xib; name = HelpScreenController.xib; path = Classes/HelpScreenController.xib; sourceTree = "<group>"; };
		B4F2EF121144743B006BFA7D /* ship3.png */ = {isa = PBXFileReference; lastKnownFileType = image.png; path = ship3.png; sourceTree = "<group>"; };
		B4F2EFD811447E78006BFA7D /* Asteroid.h */ = {isa = PBXFileReference; fileEncoding = 4; lastKnownFileType = sourcecode.c.h; path = Asteroid.h; sourceTree = "<group>"; };
		B4F2EFD911447E78006BFA7D /* Asteroid.m */ = {isa = PBXFileReference; fileEncoding = 4; lastKnownFileType = sourcecode.c.objc; path = Asteroid.m; sourceTree = "<group>"; };
/* End PBXFileReference section */

/* Begin PBXFrameworksBuildPhase section */
		07786E16114EDAB00039C9FA /* Frameworks */ = {
			isa = PBXFrameworksBuildPhase;
			buildActionMask = 2147483647;
			files = (
			);
			runOnlyForDeploymentPostprocessing = 0;
		};
		1D60588F0D05DD3D006BFB54 /* Frameworks */ = {
			isa = PBXFrameworksBuildPhase;
			buildActionMask = 2147483647;
			files = (
				1D60589F0D05DD5A006BFB54 /* Foundation.framework in Frameworks */,
				1DF5F4E00D08C38300B7A737 /* UIKit.framework in Frameworks */,
				2892E4100DC94CBA00A64D0F /* CoreGraphics.framework in Frameworks */,
			);
			runOnlyForDeploymentPostprocessing = 0;
		};
/* End PBXFrameworksBuildPhase section */

/* Begin PBXGroup section */
		07786E34114EDB4C0039C9FA /* UnitTest Classes */ = {
			isa = PBXGroup;
			children = (
				07786E35114EDB630039C9FA /* ExampleUnitTest.h */,
				07786E36114EDB630039C9FA /* ExampleUnitTest.m */,
			);
			name = "UnitTest Classes";
			sourceTree = "<group>";
		};
		080E96DDFE201D6D7F000001 /* Screen Controller Classes */ = {
			isa = PBXGroup;
			children = (
				B4C0FEF01131DDAC00EBC1D9 /* CharacterScreenController.h */,
				B4C0FEF11131DDAC00EBC1D9 /* CharacterScreenController.m */,
				B43702291131E25A002A55F5 /* TopicScreenController.h */,
				B437022A1131E25A002A55F5 /* TopicScreenController.m */,
				28C286DF0D94DF7D0034E888 /* RootViewController.h */,
				28C286E00D94DF7D0034E888 /* RootViewController.m */,
				1D3623240D0F684500981E51 /* MindBlasterAppDelegate.h */,
				1D3623250D0F684500981E51 /* MindBlasterAppDelegate.m */,
				B4C0FF151131E04600EBC1D9 /* UserNameScreenController.h */,
				B4C0FF161131E04600EBC1D9 /* UserNameScreenController.m */,
				B43702411131E453002A55F5 /* DifficultyScreenController.h */,
				B43702421131E453002A55F5 /* DifficultyScreenController.m */,
				B43702E01131F094002A55F5 /* GameOverScreenController.h */,
				B43702E11131F094002A55F5 /* GameOverScreenController.m */,
				B43702EC1131F201002A55F5 /* LoadGameScreenController.h */,
				B43702ED1131F201002A55F5 /* LoadGameScreenController.m */,
				B4EA94471132074700016680 /* HelpScreenController.h */,
				B4EA94481132074700016680 /* HelpScreenController.m */,
				07BBE0B51137109E00BAF196 /* BackgroundAnimation.h */,
				07BBE0B61137109E00BAF196 /* BackgroundAnimation.m */,
			);
			name = "Screen Controller Classes";
			path = Classes;
			sourceTree = "<group>";
		};
		19C28FACFE9D520D11CA2CBB /* Products */ = {
			isa = PBXGroup;
			children = (
				1D6058910D05DD3D006BFB54 /* MindBlaster.app */,
				07786E19114EDAB00039C9FA /* UnitTesting.octest */,
			);
			name = Products;
			sourceTree = "<group>";
		};
		29B97314FDCFA39411CA2CEA /* CustomTemplate */ = {
			isa = PBXGroup;
			children = (
				07786E34114EDB4C0039C9FA /* UnitTest Classes */,
				B4B012DF1140810B00E0D5DB /* Game Play Classes */,
				080E96DDFE201D6D7F000001 /* Screen Controller Classes */,
				29B97315FDCFA39411CA2CEA /* Other Sources */,
				29B97317FDCFA39411CA2CEA /* Resources */,
				29B97323FDCFA39411CA2CEA /* Frameworks */,
				19C28FACFE9D520D11CA2CBB /* Products */,
				07786E21114EDAB00039C9FA /* UnitTesting-Info.plist */,
			);
			name = CustomTemplate;
			sourceTree = "<group>";
		};
		29B97315FDCFA39411CA2CEA /* Other Sources */ = {
			isa = PBXGroup;
			children = (
				28A0AAE50D9B0CCF005BE974 /* MindBlaster_Prefix.pch */,
				29B97316FDCFA39411CA2CEA /* main.m */,
			);
			name = "Other Sources";
			sourceTree = "<group>";
		};
		29B97317FDCFA39411CA2CEA /* Resources */ = {
			isa = PBXGroup;
			children = (
				07E3F5DB1146DDD5005E5D37 /* boy.png */,
				07E3F5DC1146DDD5005E5D37 /* cat.png */,
				07E3F5DD1146DDD5005E5D37 /* dog.png */,
				07E3F5DE1146DDD5005E5D37 /* girl.png */,
				B4F2EF121144743B006BFA7D /* ship3.png */,
				77203D841141114000127EC1 /* ship.gif */,
				B4D628ED113F5C50003093D8 /* bullet2.png */,
				B4C7122F113E4E2A00C50561 /* greyball.png */,
				B4C71230113E4E2A00C50561 /* leftwheel.png */,
				B4C71231113E4E2A00C50561 /* rightwheel.png */,
				B463F0A3113DE27A0009796E /* asteroid6.png */,
				07BBE0AD113703EC00BAF196 /* Space-Art-Wallpapers-12.jpg */,
				B43702B61131EBF4002A55F5 /* GameScreenController.xib */,
				B4EA94491132074700016680 /* HelpScreenController.xib */,
				B43702EE1131F201002A55F5 /* LoadGameScreenController.xib */,
				B43702E21131F094002A55F5 /* GameOverScreenController.xib */,
				B43702431131E453002A55F5 /* DifficultyScreenController.xib */,
				B437022B1131E25A002A55F5 /* TopicScreenController.xib */,
				B4C0FF171131E04600EBC1D9 /* UserNameScreenController.xib */,
				B4C0FEF21131DDAC00EBC1D9 /* CharacterScreenController.xib */,
				28F335F01007B36200424DE2 /* RootViewController.xib */,
				28AD735F0D9D9599002E5188 /* MainWindow.xib */,
				8D1107310486CEB800E47090 /* MindBlaster-Info.plist */,
			);
			name = Resources;
			sourceTree = "<group>";
		};
		29B97323FDCFA39411CA2CEA /* Frameworks */ = {
			isa = PBXGroup;
			children = (
				1DF5F4DF0D08C38300B7A737 /* UIKit.framework */,
				1D30AB110D05D00D00671497 /* Foundation.framework */,
				2892E40F0DC94CBA00A64D0F /* CoreGraphics.framework */,
			);
			name = Frameworks;
			sourceTree = "<group>";
		};
		B4B012DF1140810B00E0D5DB /* Game Play Classes */ = {
			isa = PBXGroup;
			children = (
				B43702B41131EBF4002A55F5 /* GameScreenController.h */,
				B43702B51131EBF4002A55F5 /* GameScreenController.m */,
				77203E411141272E00127EC1 /* Ship.h */,
				77203E421141272E00127EC1 /* Ship.m */,
				072972C11146DB3C004ED361 /* UserProfile.h */,
				072972C21146DB49004ED361 /* UserProfile.m */,
				77B6953511461F940055EFD6 /* Questions.h */,
				77B6953411461F940055EFD6 /* Questions.m */,
				77B6953711461F940055EFD6 /* Question.h */,
				77B6953611461F940055EFD6 /* Question.m */,
				B4F2EFD811447E78006BFA7D /* Asteroid.h */,
				B4F2EFD911447E78006BFA7D /* Asteroid.m */,
				77D33A831148CE4600D066DD /* Topic.h */,
				77D33A841148CE4600D066DD /* Topic.m */,
			);
			name = "Game Play Classes";
			sourceTree = "<group>";
		};
/* End PBXGroup section */

/* Begin PBXNativeTarget section */
		07786E18114EDAB00039C9FA /* UnitTesting */ = {
			isa = PBXNativeTarget;
			buildConfigurationList = 07786E24114EDAB10039C9FA /* Build configuration list for PBXNativeTarget "UnitTesting" */;
			buildPhases = (
				07786E14114EDAB00039C9FA /* Resources */,
				07786E15114EDAB00039C9FA /* Sources */,
				07786E16114EDAB00039C9FA /* Frameworks */,
				07786E17114EDAB00039C9FA /* ShellScript */,
			);
			buildRules = (
			);
			dependencies = (
				07786E26114EDAB70039C9FA /* PBXTargetDependency */,
			);
			name = UnitTesting;
			productName = UnitTesting;
			productReference = 07786E19114EDAB00039C9FA /* UnitTesting.octest */;
			productType = "com.apple.product-type.bundle";
		};
		1D6058900D05DD3D006BFB54 /* MindBlaster */ = {
			isa = PBXNativeTarget;
			buildConfigurationList = 1D6058960D05DD3E006BFB54 /* Build configuration list for PBXNativeTarget "MindBlaster" */;
			buildPhases = (
				1D60588D0D05DD3D006BFB54 /* Resources */,
				1D60588E0D05DD3D006BFB54 /* Sources */,
				1D60588F0D05DD3D006BFB54 /* Frameworks */,
			);
			buildRules = (
			);
			dependencies = (
			);
			name = MindBlaster;
			productName = MindBlaster;
			productReference = 1D6058910D05DD3D006BFB54 /* MindBlaster.app */;
			productType = "com.apple.product-type.application";
		};
/* End PBXNativeTarget section */

/* Begin PBXProject section */
		29B97313FDCFA39411CA2CEA /* Project object */ = {
			isa = PBXProject;
			buildConfigurationList = C01FCF4E08A954540054247B /* Build configuration list for PBXProject "MindBlaster" */;
			compatibilityVersion = "Xcode 3.1";
			hasScannedForEncodings = 1;
			knownRegions = (
				English,
				Japanese,
				French,
				German,
				en,
			);
			mainGroup = 29B97314FDCFA39411CA2CEA /* CustomTemplate */;
			projectDirPath = "";
			projectRoot = "";
			targets = (
				1D6058900D05DD3D006BFB54 /* MindBlaster */,
				07786E18114EDAB00039C9FA /* UnitTesting */,
			);
		};
/* End PBXProject section */

/* Begin PBXResourcesBuildPhase section */
		07786E14114EDAB00039C9FA /* Resources */ = {
			isa = PBXResourcesBuildPhase;
			buildActionMask = 2147483647;
			files = (
			);
			runOnlyForDeploymentPostprocessing = 0;
		};
		1D60588D0D05DD3D006BFB54 /* Resources */ = {
			isa = PBXResourcesBuildPhase;
			buildActionMask = 2147483647;
			files = (
				28AD73600D9D9599002E5188 /* MainWindow.xib in Resources */,
				28F335F11007B36200424DE2 /* RootViewController.xib in Resources */,
				B4C0FEF41131DDAC00EBC1D9 /* CharacterScreenController.xib in Resources */,
				B4C0FF191131E04600EBC1D9 /* UserNameScreenController.xib in Resources */,
				B437022D1131E25A002A55F5 /* TopicScreenController.xib in Resources */,
				B43702451131E453002A55F5 /* DifficultyScreenController.xib in Resources */,
				B43702B81131EBF4002A55F5 /* GameScreenController.xib in Resources */,
				B43702E41131F094002A55F5 /* GameOverScreenController.xib in Resources */,
				B43702F01131F201002A55F5 /* LoadGameScreenController.xib in Resources */,
				B4EA944B1132074700016680 /* HelpScreenController.xib in Resources */,
				07BBE0AE113703EC00BAF196 /* Space-Art-Wallpapers-12.jpg in Resources */,
				B463F0A4113DE27A0009796E /* asteroid6.png in Resources */,
				B4C71232113E4E2A00C50561 /* greyball.png in Resources */,
				B4C71233113E4E2A00C50561 /* leftwheel.png in Resources */,
				B4C71234113E4E2A00C50561 /* rightwheel.png in Resources */,
				B4D628EE113F5C50003093D8 /* bullet2.png in Resources */,
				77203D851141114000127EC1 /* ship.gif in Resources */,
				B4F2EF131144743B006BFA7D /* ship3.png in Resources */,
				07E3F5DF1146DDD5005E5D37 /* boy.png in Resources */,
				07E3F5E01146DDD5005E5D37 /* cat.png in Resources */,
				07E3F5E11146DDD5005E5D37 /* dog.png in Resources */,
				07E3F5E21146DDD5005E5D37 /* girl.png in Resources */,
			);
			runOnlyForDeploymentPostprocessing = 0;
		};
/* End PBXResourcesBuildPhase section */

/* Begin PBXShellScriptBuildPhase section */
		07786E17114EDAB00039C9FA /* ShellScript */ = {
			isa = PBXShellScriptBuildPhase;
			buildActionMask = 2147483647;
			files = (
			);
			inputPaths = (
			);
			outputPaths = (
			);
			runOnlyForDeploymentPostprocessing = 0;
			shellPath = /bin/sh;
			shellScript = "# Run the unit tests in this test bundle.\n\"${SYSTEM_DEVELOPER_DIR}/Tools/RunUnitTests\"\n";
		};
/* End PBXShellScriptBuildPhase section */

/* Begin PBXSourcesBuildPhase section */
		07786E15114EDAB00039C9FA /* Sources */ = {
			isa = PBXSourcesBuildPhase;
			buildActionMask = 2147483647;
			files = (
				07786E37114EDB630039C9FA /* ExampleUnitTest.m in Sources */,
			);
			runOnlyForDeploymentPostprocessing = 0;
		};
		1D60588E0D05DD3D006BFB54 /* Sources */ = {
			isa = PBXSourcesBuildPhase;
			buildActionMask = 2147483647;
			files = (
				1D60589B0D05DD56006BFB54 /* main.m in Sources */,
				1D3623260D0F684500981E51 /* MindBlasterAppDelegate.m in Sources */,
				28C286E10D94DF7D0034E888 /* RootViewController.m in Sources */,
				B4C0FEF31131DDAC00EBC1D9 /* CharacterScreenController.m in Sources */,
				B4C0FF181131E04600EBC1D9 /* UserNameScreenController.m in Sources */,
				B437022C1131E25A002A55F5 /* TopicScreenController.m in Sources */,
				B43702441131E453002A55F5 /* DifficultyScreenController.m in Sources */,
				B43702B71131EBF4002A55F5 /* GameScreenController.m in Sources */,
				B43702E31131F094002A55F5 /* GameOverScreenController.m in Sources */,
				B43702EF1131F201002A55F5 /* LoadGameScreenController.m in Sources */,
				B4EA944A1132074700016680 /* HelpScreenController.m in Sources */,
				07BBE0B71137109E00BAF196 /* BackgroundAnimation.m in Sources */,
				77203E431141272E00127EC1 /* Ship.m in Sources */,
				B4F2EFDA11447E78006BFA7D /* Asteroid.m in Sources */,
				77B6953811461F940055EFD6 /* Questions.m in Sources */,
				77B6953911461F940055EFD6 /* Question.m in Sources */,
				072972C31146DB49004ED361 /* UserProfile.m in Sources */,
				77D33A851148CE4600D066DD /* Topic.m in Sources */,
			);
			runOnlyForDeploymentPostprocessing = 0;
		};
/* End PBXSourcesBuildPhase section */

/* Begin PBXTargetDependency section */
		07786E26114EDAB70039C9FA /* PBXTargetDependency */ = {
			isa = PBXTargetDependency;
			target = 1D6058900D05DD3D006BFB54 /* MindBlaster */;
			targetProxy = 07786E25114EDAB70039C9FA /* PBXContainerItemProxy */;
		};
/* End PBXTargetDependency section */

/* Begin XCBuildConfiguration section */
		07786E22114EDAB10039C9FA /* Debug */ = {
			isa = XCBuildConfiguration;
			buildSettings = {
				ALWAYS_SEARCH_USER_PATHS = NO;
				BUNDLE_LOADER = "$(BUILT_PRODUCTS_DIR)/MindBlaster.app/Contents/MacOS/MindBlaster";
				COPY_PHASE_STRIP = NO;
				FRAMEWORK_SEARCH_PATHS = (
					"\"$(SDKROOT)/Developer/Library/Frameworks\"",
					"\"$(DEVELOPER_LIBRARY_DIR)/Frameworks\"",
				);
				GCC_DYNAMIC_NO_PIC = NO;
				GCC_ENABLE_FIX_AND_CONTINUE = NO;
				GCC_ENABLE_OBJC_EXCEPTIONS = YES;
				GCC_OPTIMIZATION_LEVEL = 0;
				INFOPLIST_FILE = "UnitTesting-Info.plist";
				OTHER_LDFLAGS = (
					"-framework",
					Foundation,
					"-framework",
					SenTestingKit,
					"-framework",
					UIKit,
				);
				PREBINDING = NO;
				PRODUCT_NAME = UnitTesting;
				TEST_HOST = "$(BUILT_PRODUCTS_DIR)/MindBlaster.app/Contents/MacOS/MindBlaster";
				WRAPPER_EXTENSION = octest;
			};
			name = Debug;
		};
		07786E23114EDAB10039C9FA /* Release */ = {
			isa = XCBuildConfiguration;
			buildSettings = {
				ALWAYS_SEARCH_USER_PATHS = NO;
				COPY_PHASE_STRIP = YES;
				DEBUG_INFORMATION_FORMAT = "dwarf-with-dsym";
				FRAMEWORK_SEARCH_PATHS = (
					"\"$(SDKROOT)/Developer/Library/Frameworks\"",
					"\"$(DEVELOPER_LIBRARY_DIR)/Frameworks\"",
				);
				GCC_ENABLE_FIX_AND_CONTINUE = NO;
				GCC_ENABLE_OBJC_EXCEPTIONS = YES;
				INFOPLIST_FILE = "UnitTesting-Info.plist";
				OTHER_LDFLAGS = (
					"-framework",
					Foundation,
					"-framework",
					SenTestingKit,
					"-framework",
					UIKit,
				);
				PREBINDING = NO;
				PRODUCT_NAME = UnitTesting;
				WRAPPER_EXTENSION = octest;
				ZERO_LINK = NO;
			};
			name = Release;
		};
		1D6058940D05DD3E006BFB54 /* Debug */ = {
			isa = XCBuildConfiguration;
			buildSettings = {
				ALWAYS_SEARCH_USER_PATHS = NO;
				COPY_PHASE_STRIP = NO;
				GCC_DYNAMIC_NO_PIC = NO;
				GCC_OPTIMIZATION_LEVEL = 0;
				GCC_PRECOMPILE_PREFIX_HEADER = YES;
				GCC_PREFIX_HEADER = MindBlaster_Prefix.pch;
				INFOPLIST_FILE = "MindBlaster-Info.plist";
				PRODUCT_NAME = MindBlaster;
			};
			name = Debug;
		};
		1D6058950D05DD3E006BFB54 /* Release */ = {
			isa = XCBuildConfiguration;
			buildSettings = {
				ALWAYS_SEARCH_USER_PATHS = NO;
				COPY_PHASE_STRIP = YES;
				GCC_PRECOMPILE_PREFIX_HEADER = YES;
				GCC_PREFIX_HEADER = MindBlaster_Prefix.pch;
				INFOPLIST_FILE = "MindBlaster-Info.plist";
				PRODUCT_NAME = MindBlaster;
			};
			name = Release;
		};
		C01FCF4F08A954540054247B /* Debug */ = {
			isa = XCBuildConfiguration;
			buildSettings = {
				ARCHS = "$(ARCHS_STANDARD_32_BIT)";
				"CODE_SIGN_IDENTITY[sdk=iphoneos*]" = "iPhone Developer";
				GCC_C_LANGUAGE_STANDARD = c99;
				GCC_WARN_ABOUT_RETURN_TYPE = YES;
				GCC_WARN_UNUSED_VARIABLE = YES;
				PREBINDING = NO;
				SDKROOT = iphoneos3.1.2;
			};
			name = Debug;
		};
		C01FCF5008A954540054247B /* Release */ = {
			isa = XCBuildConfiguration;
			buildSettings = {
				ARCHS = "$(ARCHS_STANDARD_32_BIT)";
				"CODE_SIGN_IDENTITY[sdk=iphoneos*]" = "iPhone Developer";
				GCC_C_LANGUAGE_STANDARD = c99;
				GCC_WARN_ABOUT_RETURN_TYPE = YES;
				GCC_WARN_UNUSED_VARIABLE = YES;
				PREBINDING = NO;
				SDKROOT = iphoneos3.1.2;
			};
			name = Release;
		};
/* End XCBuildConfiguration section */

/* Begin XCConfigurationList section */
		07786E24114EDAB10039C9FA /* Build configuration list for PBXNativeTarget "UnitTesting" */ = {
			isa = XCConfigurationList;
			buildConfigurations = (
				07786E22114EDAB10039C9FA /* Debug */,
				07786E23114EDAB10039C9FA /* Release */,
			);
			defaultConfigurationIsVisible = 0;
			defaultConfigurationName = Release;
		};
		1D6058960D05DD3E006BFB54 /* Build configuration list for PBXNativeTarget "MindBlaster" */ = {
			isa = XCConfigurationList;
			buildConfigurations = (
				1D6058940D05DD3E006BFB54 /* Debug */,
				1D6058950D05DD3E006BFB54 /* Release */,
			);
			defaultConfigurationIsVisible = 0;
			defaultConfigurationName = Release;
		};
		C01FCF4E08A954540054247B /* Build configuration list for PBXProject "MindBlaster" */ = {
			isa = XCConfigurationList;
			buildConfigurations = (
				C01FCF4F08A954540054247B /* Debug */,
				C01FCF5008A954540054247B /* Release */,
			);
			defaultConfigurationIsVisible = 0;
			defaultConfigurationName = Release;
		};
/* End XCConfigurationList section */
	};
	rootObject = 29B97313FDCFA39411CA2CEA /* Project object */;
}
