// !$*UTF8*$!
{
	archiveVersion = 1;
	classes = {
	};
	objectVersion = 45;
	objects = {

/* Begin PBXBuildFile section */
		07BBE0B71137109E00BAF196 /* BackgroundAnimation.m in Sources */ = {isa = PBXBuildFile; fileRef = 07BBE0B61137109E00BAF196 /* BackgroundAnimation.m */; };
		1D3623260D0F684500981E51 /* MindBlasterAppDelegate.m in Sources */ = {isa = PBXBuildFile; fileRef = 1D3623250D0F684500981E51 /* MindBlasterAppDelegate.m */; };
		1D60589F0D05DD5A006BFB54 /* Foundation.framework in Frameworks */ = {isa = PBXBuildFile; fileRef = 1D30AB110D05D00D00671497 /* Foundation.framework */; };
		1DF5F4E00D08C38300B7A737 /* UIKit.framework in Frameworks */ = {isa = PBXBuildFile; fileRef = 1DF5F4DF0D08C38300B7A737 /* UIKit.framework */; };
		2892E4100DC94CBA00A64D0F /* CoreGraphics.framework in Frameworks */ = {isa = PBXBuildFile; fileRef = 2892E40F0DC94CBA00A64D0F /* CoreGraphics.framework */; };
		28C286E10D94DF7D0034E888 /* RootViewController.m in Sources */ = {isa = PBXBuildFile; fileRef = 28C286E00D94DF7D0034E888 /* RootViewController.m */; };
		7730136111662B72009E16D3 /* ButtonClick1.caf in Resources */ = {isa = PBXBuildFile; fileRef = 7730135F11662B72009E16D3 /* ButtonClick1.caf */; };
		7730136211662B72009E16D3 /* LaserEffect4.caf in Resources */ = {isa = PBXBuildFile; fileRef = 7730136011662B72009E16D3 /* LaserEffect4.caf */; };
		77615F071166E53000C755B8 /* laser_pulse_size1.png in Resources */ = {isa = PBXBuildFile; fileRef = 77615F061166E53000C755B8 /* laser_pulse_size1.png */; };
		77615F091166E59E00C755B8 /* ship.png in Resources */ = {isa = PBXBuildFile; fileRef = 77615F081166E59E00C755B8 /* ship.png */; };
		77615F0B1166E5A900C755B8 /* pause.png in Resources */ = {isa = PBXBuildFile; fileRef = 77615F0A1166E5A900C755B8 /* pause.png */; };
		777D449911672C1F00CA014A /* ship_shield2.png in Resources */ = {isa = PBXBuildFile; fileRef = 777D449811672C1F00CA014A /* ship_shield2.png */; };
		777D449C11672D8F00CA014A /* Firebutton4.png in Resources */ = {isa = PBXBuildFile; fileRef = 777D449B11672D8F00CA014A /* Firebutton4.png */; };
		777D449E11672D9A00CA014A /* controller ring3.png in Resources */ = {isa = PBXBuildFile; fileRef = 777D449D11672D9A00CA014A /* controller ring3.png */; };
		7787D61E11689B1200EC2D2D /* explosion.png in Resources */ = {isa = PBXBuildFile; fileRef = 7787D61D11689B1200EC2D2D /* explosion.png */; };
		7787D64311689E3100EC2D2D /* Icon.png in Resources */ = {isa = PBXBuildFile; fileRef = 7787D64211689E3100EC2D2D /* Icon.png */; };
		778E294B11670E590093CF0B /* ButtonClick3.caf in Resources */ = {isa = PBXBuildFile; fileRef = 778E294A11670E590093CF0B /* ButtonClick3.caf */; };
		77AE823F1166A87600F9FCFE /* asteroid_3.png in Resources */ = {isa = PBXBuildFile; fileRef = 77AE823D1166A87600F9FCFE /* asteroid_3.png */; };
		77AE82401166A87600F9FCFE /* asteroid_2.png in Resources */ = {isa = PBXBuildFile; fileRef = 77AE823E1166A87600F9FCFE /* asteroid_2.png */; };
		77AE82461166AA7600F9FCFE /* asteroid_4.png in Resources */ = {isa = PBXBuildFile; fileRef = 77AE82451166AA7600F9FCFE /* asteroid_4.png */; };
		77AE82481166AA7D00F9FCFE /* asteroid_5.png in Resources */ = {isa = PBXBuildFile; fileRef = 77AE82471166AA7D00F9FCFE /* asteroid_5.png */; };
		77AE82511166AC5100F9FCFE /* asteroid_1.png in Resources */ = {isa = PBXBuildFile; fileRef = 77AE82501166AC5100F9FCFE /* asteroid_1.png */; };
		77AFB020115AC80D00123F1C /* CFNetwork.framework in Frameworks */ = {isa = PBXBuildFile; fileRef = 77AFB01F115AC80D00123F1C /* CFNetwork.framework */; };
		77AFB035115AC8EF00123F1C /* ApplicationSettings.plist in Resources */ = {isa = PBXBuildFile; fileRef = 77AFB034115AC8EF00123F1C /* ApplicationSettings.plist */; };
		77B45BB2116B40D6008864A8 /* WebController.xib in Resources */ = {isa = PBXBuildFile; fileRef = 77B45BB1116B40D6008864A8 /* WebController.xib */; };
		77B45BD7116B436D008864A8 /* expl3.png in Resources */ = {isa = PBXBuildFile; fileRef = 77B45BCC116B436D008864A8 /* expl3.png */; };
		77B45BD8116B436D008864A8 /* expl6.png in Resources */ = {isa = PBXBuildFile; fileRef = 77B45BCD116B436D008864A8 /* expl6.png */; };
		77B45BD9116B436D008864A8 /* expl11.png in Resources */ = {isa = PBXBuildFile; fileRef = 77B45BCE116B436D008864A8 /* expl11.png */; };
		77B45BDA116B436D008864A8 /* expl5.png in Resources */ = {isa = PBXBuildFile; fileRef = 77B45BCF116B436D008864A8 /* expl5.png */; };
		77B45BDB116B436D008864A8 /* expl4.png in Resources */ = {isa = PBXBuildFile; fileRef = 77B45BD0116B436D008864A8 /* expl4.png */; };
		77B45BDC116B436D008864A8 /* expl10.png in Resources */ = {isa = PBXBuildFile; fileRef = 77B45BD1116B436D008864A8 /* expl10.png */; };
		77B45BDD116B436D008864A8 /* expl8.png in Resources */ = {isa = PBXBuildFile; fileRef = 77B45BD2116B436D008864A8 /* expl8.png */; };
		77B45BDE116B436D008864A8 /* expl2.png in Resources */ = {isa = PBXBuildFile; fileRef = 77B45BD3116B436D008864A8 /* expl2.png */; };
		77B45BDF116B436D008864A8 /* expl1.png in Resources */ = {isa = PBXBuildFile; fileRef = 77B45BD4116B436D008864A8 /* expl1.png */; };
		77B45BE0116B436D008864A8 /* expl7.png in Resources */ = {isa = PBXBuildFile; fileRef = 77B45BD5116B436D008864A8 /* expl7.png */; };
		77B45BE1116B436D008864A8 /* expl9.png in Resources */ = {isa = PBXBuildFile; fileRef = 77B45BD6116B436D008864A8 /* expl9.png */; };
		77D0F06B1163091D00BB8D5E /* AVFoundation.framework in Frameworks */ = {isa = PBXBuildFile; fileRef = 77D0F06A1163091D00BB8D5E /* AVFoundation.framework */; };
		77D49043115EC9CB0000625B /* SystemConfiguration.framework in Frameworks */ = {isa = PBXBuildFile; fileRef = 77D49042115EC9CB0000625B /* SystemConfiguration.framework */; };
		77DE5F5E115B3091007922D6 /* UserProfile.plist in Resources */ = {isa = PBXBuildFile; fileRef = 77DE5F5D115B3091007922D6 /* UserProfile.plist */; };
		77E4462B116B279C00CDEF9D /* Statistics.m in Sources */ = {isa = PBXBuildFile; fileRef = 77E4462A116B279C00CDEF9D /* Statistics.m */; };
		77E446A0116B34C000CDEF9D /* WebController.m in Sources */ = {isa = PBXBuildFile; fileRef = 77E4469E116B34C000CDEF9D /* WebController.m */; };
		77F134CA116614DE005AE813 /* Sound.m in Sources */ = {isa = PBXBuildFile; fileRef = 77F134BA116614DE005AE813 /* Sound.m */; };
		77F134CB116614DE005AE813 /* Bullet.m in Sources */ = {isa = PBXBuildFile; fileRef = 77F134BC116614DE005AE813 /* Bullet.m */; };
		77F134CC116614DE005AE813 /* Topic.m in Sources */ = {isa = PBXBuildFile; fileRef = 77F134BD116614DE005AE813 /* Topic.m */; };
		77F134CD116614DE005AE813 /* Score.m in Sources */ = {isa = PBXBuildFile; fileRef = 77F134BF116614DE005AE813 /* Score.m */; };
		77F134CE116614DE005AE813 /* Question.m in Sources */ = {isa = PBXBuildFile; fileRef = 77F134C2116614DE005AE813 /* Question.m */; };
		77F134CF116614DE005AE813 /* UserProfile.m in Sources */ = {isa = PBXBuildFile; fileRef = 77F134C4116614DE005AE813 /* UserProfile.m */; };
		77F134D0116614DE005AE813 /* Ship.m in Sources */ = {isa = PBXBuildFile; fileRef = 77F134C6116614DE005AE813 /* Ship.m */; };
		77F134D1116614DE005AE813 /* GlobalAdmin.m in Sources */ = {isa = PBXBuildFile; fileRef = 77F134C8116614DE005AE813 /* GlobalAdmin.m */; };
		77F134D2116614DE005AE813 /* Asteroid.m in Sources */ = {isa = PBXBuildFile; fileRef = 77F134C9116614DE005AE813 /* Asteroid.m */; };
		77F134D4116614FC005AE813 /* NetworkController.m in Sources */ = {isa = PBXBuildFile; fileRef = 77F134D3116614FC005AE813 /* NetworkController.m */; };
		77F134DD11661515005AE813 /* main.m in Sources */ = {isa = PBXBuildFile; fileRef = 77F134DC11661515005AE813 /* main.m */; };
		77F134E31166152A005AE813 /* Explosion1.caf in Resources */ = {isa = PBXBuildFile; fileRef = 77F134DE1166152A005AE813 /* Explosion1.caf */; };
		77F134E41166152A005AE813 /* AsteroidLevel3.m4a in Resources */ = {isa = PBXBuildFile; fileRef = 77F134DF1166152A005AE813 /* AsteroidLevel3.m4a */; };
		77F134E51166152A005AE813 /* AsteroidLevel2.m4a in Resources */ = {isa = PBXBuildFile; fileRef = 77F134E01166152A005AE813 /* AsteroidLevel2.m4a */; };
		77F134E61166152A005AE813 /* LaserEffect1.caf in Resources */ = {isa = PBXBuildFile; fileRef = 77F134E11166152A005AE813 /* LaserEffect1.caf */; };
		77F134E71166152A005AE813 /* AsteroidLevel1.m4a in Resources */ = {isa = PBXBuildFile; fileRef = 77F134E21166152A005AE813 /* AsteroidLevel1.m4a */; };
		77F134F111661540005AE813 /* CharacterScreenController.xib in Resources */ = {isa = PBXBuildFile; fileRef = 77F134E811661540005AE813 /* CharacterScreenController.xib */; };
		77F134F211661540005AE813 /* DifficultyScreenController.xib in Resources */ = {isa = PBXBuildFile; fileRef = 77F134E911661540005AE813 /* DifficultyScreenController.xib */; };
		77F134F311661540005AE813 /* HelpScreenController.xib in Resources */ = {isa = PBXBuildFile; fileRef = 77F134EA11661540005AE813 /* HelpScreenController.xib */; };
		77F134F411661540005AE813 /* GameScreenController.xib in Resources */ = {isa = PBXBuildFile; fileRef = 77F134EB11661540005AE813 /* GameScreenController.xib */; };
		77F134F511661540005AE813 /* GameOverScreenController.xib in Resources */ = {isa = PBXBuildFile; fileRef = 77F134EC11661540005AE813 /* GameOverScreenController.xib */; };
		77F134F611661540005AE813 /* TopicScreenController.xib in Resources */ = {isa = PBXBuildFile; fileRef = 77F134ED11661540005AE813 /* TopicScreenController.xib */; };
		77F134F711661540005AE813 /* UserNameScreenController.xib in Resources */ = {isa = PBXBuildFile; fileRef = 77F134EE11661540005AE813 /* UserNameScreenController.xib */; };
		77F134F811661540005AE813 /* NetworkController.xib in Resources */ = {isa = PBXBuildFile; fileRef = 77F134EF11661540005AE813 /* NetworkController.xib */; };
		77F134F911661540005AE813 /* RootViewController.xib in Resources */ = {isa = PBXBuildFile; fileRef = 77F134F011661540005AE813 /* RootViewController.xib */; };
		77F134FB1166155A005AE813 /* MainWindow.xib in Resources */ = {isa = PBXBuildFile; fileRef = 77F134FA1166155A005AE813 /* MainWindow.xib */; };
		77F13508116615BB005AE813 /* boy.png in Resources */ = {isa = PBXBuildFile; fileRef = 77F134FD116615BB005AE813 /* boy.png */; };
		77F1350A116615BB005AE813 /* Space-Art-Wallpapers-12.jpg in Resources */ = {isa = PBXBuildFile; fileRef = 77F134FF116615BB005AE813 /* Space-Art-Wallpapers-12.jpg */; };
		77F1350B116615BB005AE813 /* dog.png in Resources */ = {isa = PBXBuildFile; fileRef = 77F13500116615BB005AE813 /* dog.png */; };
		77F1350C116615BB005AE813 /* girl.png in Resources */ = {isa = PBXBuildFile; fileRef = 77F13501116615BB005AE813 /* girl.png */; };
		77F1350D116615BB005AE813 /* greyball3.png in Resources */ = {isa = PBXBuildFile; fileRef = 77F13502116615BB005AE813 /* greyball3.png */; };
		77F13510116615BB005AE813 /* cat.png in Resources */ = {isa = PBXBuildFile; fileRef = 77F13505116615BB005AE813 /* cat.png */; };
		B437022C1131E25A002A55F5 /* TopicScreenController.m in Sources */ = {isa = PBXBuildFile; fileRef = B437022A1131E25A002A55F5 /* TopicScreenController.m */; };
		B43702441131E453002A55F5 /* DifficultyScreenController.m in Sources */ = {isa = PBXBuildFile; fileRef = B43702421131E453002A55F5 /* DifficultyScreenController.m */; };
		B43702B71131EBF4002A55F5 /* GameScreenController.m in Sources */ = {isa = PBXBuildFile; fileRef = B43702B51131EBF4002A55F5 /* GameScreenController.m */; };
		B43702E31131F094002A55F5 /* GameOverScreenController.m in Sources */ = {isa = PBXBuildFile; fileRef = B43702E11131F094002A55F5 /* GameOverScreenController.m */; };
		B4C0FEF31131DDAC00EBC1D9 /* CharacterScreenController.m in Sources */ = {isa = PBXBuildFile; fileRef = B4C0FEF11131DDAC00EBC1D9 /* CharacterScreenController.m */; };
		B4C0FF181131E04600EBC1D9 /* UserNameScreenController.m in Sources */ = {isa = PBXBuildFile; fileRef = B4C0FF161131E04600EBC1D9 /* UserNameScreenController.m */; };
		B4EA944A1132074700016680 /* HelpScreenController.m in Sources */ = {isa = PBXBuildFile; fileRef = B4EA94481132074700016680 /* HelpScreenController.m */; };
/* End PBXBuildFile section */

/* Begin PBXFileReference section */
		07786E21114EDAB00039C9FA /* UnitTesting-Info.plist */ = {isa = PBXFileReference; lastKnownFileType = text.plist.xml; path = "UnitTesting-Info.plist"; sourceTree = "<group>"; };
		07BBE0B51137109E00BAF196 /* BackgroundAnimation.h */ = {isa = PBXFileReference; fileEncoding = 4; lastKnownFileType = sourcecode.c.h; path = BackgroundAnimation.h; sourceTree = "<group>"; };
		07BBE0B61137109E00BAF196 /* BackgroundAnimation.m */ = {isa = PBXFileReference; fileEncoding = 4; lastKnownFileType = sourcecode.c.objc; path = BackgroundAnimation.m; sourceTree = "<group>"; };
		1D30AB110D05D00D00671497 /* Foundation.framework */ = {isa = PBXFileReference; lastKnownFileType = wrapper.framework; name = Foundation.framework; path = System/Library/Frameworks/Foundation.framework; sourceTree = SDKROOT; };
		1D3623240D0F684500981E51 /* MindBlasterAppDelegate.h */ = {isa = PBXFileReference; fileEncoding = 4; lastKnownFileType = sourcecode.c.h; path = MindBlasterAppDelegate.h; sourceTree = "<group>"; };
		1D3623250D0F684500981E51 /* MindBlasterAppDelegate.m */ = {isa = PBXFileReference; fileEncoding = 4; lastKnownFileType = sourcecode.c.objc; path = MindBlasterAppDelegate.m; sourceTree = "<group>"; };
		1D6058910D05DD3D006BFB54 /* MindBlaster.app */ = {isa = PBXFileReference; explicitFileType = wrapper.application; includeInIndex = 0; path = MindBlaster.app; sourceTree = BUILT_PRODUCTS_DIR; };
		1DF5F4DF0D08C38300B7A737 /* UIKit.framework */ = {isa = PBXFileReference; lastKnownFileType = wrapper.framework; name = UIKit.framework; path = System/Library/Frameworks/UIKit.framework; sourceTree = SDKROOT; };
		2892E40F0DC94CBA00A64D0F /* CoreGraphics.framework */ = {isa = PBXFileReference; lastKnownFileType = wrapper.framework; name = CoreGraphics.framework; path = System/Library/Frameworks/CoreGraphics.framework; sourceTree = SDKROOT; };
		28A0AAE50D9B0CCF005BE974 /* MindBlaster_Prefix.pch */ = {isa = PBXFileReference; fileEncoding = 4; lastKnownFileType = sourcecode.c.h; path = MindBlaster_Prefix.pch; sourceTree = "<group>"; };
		28C286DF0D94DF7D0034E888 /* RootViewController.h */ = {isa = PBXFileReference; fileEncoding = 4; lastKnownFileType = sourcecode.c.h; path = RootViewController.h; sourceTree = "<group>"; };
		28C286E00D94DF7D0034E888 /* RootViewController.m */ = {isa = PBXFileReference; fileEncoding = 4; lastKnownFileType = sourcecode.c.objc; path = RootViewController.m; sourceTree = "<group>"; };
		7730135F11662B72009E16D3 /* ButtonClick1.caf */ = {isa = PBXFileReference; lastKnownFileType = file; name = ButtonClick1.caf; path = Sounds/ButtonClick1.caf; sourceTree = "<group>"; };
		7730136011662B72009E16D3 /* LaserEffect4.caf */ = {isa = PBXFileReference; lastKnownFileType = file; name = LaserEffect4.caf; path = Sounds/LaserEffect4.caf; sourceTree = "<group>"; };
		773C9B2D115AC22E003A9C5F /* NetworkController.h */ = {isa = PBXFileReference; fileEncoding = 4; lastKnownFileType = sourcecode.c.h; path = NetworkController.h; sourceTree = "<group>"; };
		77615F061166E53000C755B8 /* laser_pulse_size1.png */ = {isa = PBXFileReference; lastKnownFileType = image.png; name = laser_pulse_size1.png; path = Images/laser_pulse_size1.png; sourceTree = "<group>"; };
		77615F081166E59E00C755B8 /* ship.png */ = {isa = PBXFileReference; lastKnownFileType = image.png; name = ship.png; path = Images/ship.png; sourceTree = "<group>"; };
		77615F0A1166E5A900C755B8 /* pause.png */ = {isa = PBXFileReference; lastKnownFileType = image.png; name = pause.png; path = Images/pause.png; sourceTree = "<group>"; };
		777D449811672C1F00CA014A /* ship_shield2.png */ = {isa = PBXFileReference; lastKnownFileType = image.png; name = ship_shield2.png; path = Images/ship_shield2.png; sourceTree = "<group>"; };
		777D449B11672D8F00CA014A /* Firebutton4.png */ = {isa = PBXFileReference; lastKnownFileType = image.png; name = Firebutton4.png; path = Images/Firebutton4.png; sourceTree = "<group>"; };
		777D449D11672D9A00CA014A /* controller ring3.png */ = {isa = PBXFileReference; lastKnownFileType = image.png; name = "controller ring3.png"; path = "Images/controller ring3.png"; sourceTree = "<group>"; };
		7787D61D11689B1200EC2D2D /* explosion.png */ = {isa = PBXFileReference; lastKnownFileType = image.png; name = explosion.png; path = Images/explosion.png; sourceTree = "<group>"; };
		7787D64211689E3100EC2D2D /* Icon.png */ = {isa = PBXFileReference; lastKnownFileType = image.png; path = Icon.png; sourceTree = "<group>"; };
		778E294A11670E590093CF0B /* ButtonClick3.caf */ = {isa = PBXFileReference; lastKnownFileType = file; name = ButtonClick3.caf; path = Sounds/ButtonClick3.caf; sourceTree = "<group>"; };
		77AE823D1166A87600F9FCFE /* asteroid_3.png */ = {isa = PBXFileReference; lastKnownFileType = image.png; name = asteroid_3.png; path = Images/asteroid_3.png; sourceTree = "<group>"; };
		77AE823E1166A87600F9FCFE /* asteroid_2.png */ = {isa = PBXFileReference; lastKnownFileType = image.png; name = asteroid_2.png; path = Images/asteroid_2.png; sourceTree = "<group>"; };
		77AE82451166AA7600F9FCFE /* asteroid_4.png */ = {isa = PBXFileReference; lastKnownFileType = image.png; name = asteroid_4.png; path = Images/asteroid_4.png; sourceTree = "<group>"; };
		77AE82471166AA7D00F9FCFE /* asteroid_5.png */ = {isa = PBXFileReference; lastKnownFileType = image.png; name = asteroid_5.png; path = Images/asteroid_5.png; sourceTree = "<group>"; };
		77AE82501166AC5100F9FCFE /* asteroid_1.png */ = {isa = PBXFileReference; lastKnownFileType = image.png; name = asteroid_1.png; path = Images/asteroid_1.png; sourceTree = "<group>"; };
		77AFB01F115AC80D00123F1C /* CFNetwork.framework */ = {isa = PBXFileReference; lastKnownFileType = wrapper.framework; name = CFNetwork.framework; path = ../../MindBlaster112/MindBlasterLatest/iphoneos3.1.2/System/Library/Frameworks/CFNetwork.framework; sourceTree = SOURCE_ROOT; };
		77AFB034115AC8EF00123F1C /* ApplicationSettings.plist */ = {isa = PBXFileReference; fileEncoding = 4; lastKnownFileType = text.plist.xml; path = ApplicationSettings.plist; sourceTree = "<group>"; };
		77B45BB1116B40D6008864A8 /* WebController.xib */ = {isa = PBXFileReference; lastKnownFileType = file.xib; name = WebController.xib; path = XIBs/WebController.xib; sourceTree = "<group>"; };
		77B45BCC116B436D008864A8 /* expl3.png */ = {isa = PBXFileReference; lastKnownFileType = image.png; name = expl3.png; path = "Images/Explosion Animation/expl3.png"; sourceTree = "<group>"; };
		77B45BCD116B436D008864A8 /* expl6.png */ = {isa = PBXFileReference; lastKnownFileType = image.png; name = expl6.png; path = "Images/Explosion Animation/expl6.png"; sourceTree = "<group>"; };
		77B45BCE116B436D008864A8 /* expl11.png */ = {isa = PBXFileReference; lastKnownFileType = image.png; name = expl11.png; path = "Images/Explosion Animation/expl11.png"; sourceTree = "<group>"; };
		77B45BCF116B436D008864A8 /* expl5.png */ = {isa = PBXFileReference; lastKnownFileType = image.png; name = expl5.png; path = "Images/Explosion Animation/expl5.png"; sourceTree = "<group>"; };
		77B45BD0116B436D008864A8 /* expl4.png */ = {isa = PBXFileReference; lastKnownFileType = image.png; name = expl4.png; path = "Images/Explosion Animation/expl4.png"; sourceTree = "<group>"; };
		77B45BD1116B436D008864A8 /* expl10.png */ = {isa = PBXFileReference; lastKnownFileType = image.png; name = expl10.png; path = "Images/Explosion Animation/expl10.png"; sourceTree = "<group>"; };
		77B45BD2116B436D008864A8 /* expl8.png */ = {isa = PBXFileReference; lastKnownFileType = image.png; name = expl8.png; path = "Images/Explosion Animation/expl8.png"; sourceTree = "<group>"; };
		77B45BD3116B436D008864A8 /* expl2.png */ = {isa = PBXFileReference; lastKnownFileType = image.png; name = expl2.png; path = "Images/Explosion Animation/expl2.png"; sourceTree = "<group>"; };
		77B45BD4116B436D008864A8 /* expl1.png */ = {isa = PBXFileReference; lastKnownFileType = image.png; name = expl1.png; path = "Images/Explosion Animation/expl1.png"; sourceTree = "<group>"; };
		77B45BD5116B436D008864A8 /* expl7.png */ = {isa = PBXFileReference; lastKnownFileType = image.png; name = expl7.png; path = "Images/Explosion Animation/expl7.png"; sourceTree = "<group>"; };
		77B45BD6116B436D008864A8 /* expl9.png */ = {isa = PBXFileReference; lastKnownFileType = image.png; name = expl9.png; path = "Images/Explosion Animation/expl9.png"; sourceTree = "<group>"; };
		77D0F06A1163091D00BB8D5E /* AVFoundation.framework */ = {isa = PBXFileReference; lastKnownFileType = wrapper.framework; name = AVFoundation.framework; path = iphoneos3.1.2/System/Library/Frameworks/AVFoundation.framework; sourceTree = "<group>"; };
		77D49042115EC9CB0000625B /* SystemConfiguration.framework */ = {isa = PBXFileReference; lastKnownFileType = wrapper.framework; name = SystemConfiguration.framework; path = /System/Library/Frameworks/SystemConfiguration.framework; sourceTree = "<absolute>"; };
		77DE5F5D115B3091007922D6 /* UserProfile.plist */ = {isa = PBXFileReference; fileEncoding = 4; lastKnownFileType = text.plist.xml; path = UserProfile.plist; sourceTree = "<group>"; };
		77E44629116B279C00CDEF9D /* Statistics.h */ = {isa = PBXFileReference; fileEncoding = 4; lastKnownFileType = sourcecode.c.h; name = Statistics.h; path = Classes/Statistics.h; sourceTree = "<group>"; };
		77E4462A116B279C00CDEF9D /* Statistics.m */ = {isa = PBXFileReference; fileEncoding = 4; lastKnownFileType = sourcecode.c.objc; name = Statistics.m; path = Classes/Statistics.m; sourceTree = "<group>"; };
		77E4469D116B34C000CDEF9D /* WebController.h */ = {isa = PBXFileReference; fileEncoding = 4; lastKnownFileType = sourcecode.c.h; path = WebController.h; sourceTree = "<group>"; };
		77E4469E116B34C000CDEF9D /* WebController.m */ = {isa = PBXFileReference; fileEncoding = 4; lastKnownFileType = sourcecode.c.objc; path = WebController.m; sourceTree = "<group>"; };
		77F134B8116614DE005AE813 /* Asteroid.h */ = {isa = PBXFileReference; fileEncoding = 4; lastKnownFileType = sourcecode.c.h; name = Asteroid.h; path = Classes/Asteroid.h; sourceTree = "<group>"; };
		77F134B9116614DE005AE813 /* Bullet.h */ = {isa = PBXFileReference; fileEncoding = 4; lastKnownFileType = sourcecode.c.h; name = Bullet.h; path = Classes/Bullet.h; sourceTree = "<group>"; };
		77F134BA116614DE005AE813 /* Sound.m */ = {isa = PBXFileReference; fileEncoding = 4; lastKnownFileType = sourcecode.c.objc; name = Sound.m; path = Classes/Sound.m; sourceTree = "<group>"; };
		77F134BB116614DE005AE813 /* Sound.h */ = {isa = PBXFileReference; fileEncoding = 4; lastKnownFileType = sourcecode.c.h; name = Sound.h; path = Classes/Sound.h; sourceTree = "<group>"; };
		77F134BC116614DE005AE813 /* Bullet.m */ = {isa = PBXFileReference; fileEncoding = 4; lastKnownFileType = sourcecode.c.objc; name = Bullet.m; path = Classes/Bullet.m; sourceTree = "<group>"; };
		77F134BD116614DE005AE813 /* Topic.m */ = {isa = PBXFileReference; fileEncoding = 4; lastKnownFileType = sourcecode.c.objc; name = Topic.m; path = Classes/Topic.m; sourceTree = "<group>"; };
		77F134BE116614DE005AE813 /* Topic.h */ = {isa = PBXFileReference; fileEncoding = 4; lastKnownFileType = sourcecode.c.h; name = Topic.h; path = Classes/Topic.h; sourceTree = "<group>"; };
		77F134BF116614DE005AE813 /* Score.m */ = {isa = PBXFileReference; fileEncoding = 4; lastKnownFileType = sourcecode.c.objc; name = Score.m; path = Classes/Score.m; sourceTree = "<group>"; };
		77F134C0116614DE005AE813 /* Score.h */ = {isa = PBXFileReference; fileEncoding = 4; lastKnownFileType = sourcecode.c.h; name = Score.h; path = Classes/Score.h; sourceTree = "<group>"; };
		77F134C1116614DE005AE813 /* GlobalAdmin.h */ = {isa = PBXFileReference; fileEncoding = 4; lastKnownFileType = sourcecode.c.h; name = GlobalAdmin.h; path = Classes/GlobalAdmin.h; sourceTree = "<group>"; };
		77F134C2116614DE005AE813 /* Question.m */ = {isa = PBXFileReference; fileEncoding = 4; lastKnownFileType = sourcecode.c.objc; name = Question.m; path = Classes/Question.m; sourceTree = "<group>"; };
		77F134C3116614DE005AE813 /* Question.h */ = {isa = PBXFileReference; fileEncoding = 4; lastKnownFileType = sourcecode.c.h; name = Question.h; path = Classes/Question.h; sourceTree = "<group>"; };
		77F134C4116614DE005AE813 /* UserProfile.m */ = {isa = PBXFileReference; fileEncoding = 4; lastKnownFileType = sourcecode.c.objc; name = UserProfile.m; path = Classes/UserProfile.m; sourceTree = "<group>"; };
		77F134C5116614DE005AE813 /* UserProfile.h */ = {isa = PBXFileReference; fileEncoding = 4; lastKnownFileType = sourcecode.c.h; name = UserProfile.h; path = Classes/UserProfile.h; sourceTree = "<group>"; };
		77F134C6116614DE005AE813 /* Ship.m */ = {isa = PBXFileReference; fileEncoding = 4; lastKnownFileType = sourcecode.c.objc; name = Ship.m; path = Classes/Ship.m; sourceTree = "<group>"; };
		77F134C7116614DE005AE813 /* Ship.h */ = {isa = PBXFileReference; fileEncoding = 4; lastKnownFileType = sourcecode.c.h; name = Ship.h; path = Classes/Ship.h; sourceTree = "<group>"; };
		77F134C8116614DE005AE813 /* GlobalAdmin.m */ = {isa = PBXFileReference; fileEncoding = 4; lastKnownFileType = sourcecode.c.objc; name = GlobalAdmin.m; path = Classes/GlobalAdmin.m; sourceTree = "<group>"; };
		77F134C9116614DE005AE813 /* Asteroid.m */ = {isa = PBXFileReference; fileEncoding = 4; lastKnownFileType = sourcecode.c.objc; name = Asteroid.m; path = Classes/Asteroid.m; sourceTree = "<group>"; };
		77F134D3116614FC005AE813 /* NetworkController.m */ = {isa = PBXFileReference; fileEncoding = 4; lastKnownFileType = sourcecode.c.objc; path = NetworkController.m; sourceTree = "<group>"; };
		77F134DC11661515005AE813 /* main.m */ = {isa = PBXFileReference; fileEncoding = 4; lastKnownFileType = sourcecode.c.objc; name = main.m; path = Classes/main.m; sourceTree = "<group>"; };
		77F134DE1166152A005AE813 /* Explosion1.caf */ = {isa = PBXFileReference; lastKnownFileType = file; name = Explosion1.caf; path = Sounds/Explosion1.caf; sourceTree = "<group>"; };
		77F134DF1166152A005AE813 /* AsteroidLevel3.m4a */ = {isa = PBXFileReference; lastKnownFileType = file; name = AsteroidLevel3.m4a; path = Sounds/AsteroidLevel3.m4a; sourceTree = "<group>"; };
		77F134E01166152A005AE813 /* AsteroidLevel2.m4a */ = {isa = PBXFileReference; lastKnownFileType = file; name = AsteroidLevel2.m4a; path = Sounds/AsteroidLevel2.m4a; sourceTree = "<group>"; };
		77F134E11166152A005AE813 /* LaserEffect1.caf */ = {isa = PBXFileReference; lastKnownFileType = file; name = LaserEffect1.caf; path = Sounds/LaserEffect1.caf; sourceTree = "<group>"; };
		77F134E21166152A005AE813 /* AsteroidLevel1.m4a */ = {isa = PBXFileReference; lastKnownFileType = file; name = AsteroidLevel1.m4a; path = Sounds/AsteroidLevel1.m4a; sourceTree = "<group>"; };
		77F134E811661540005AE813 /* CharacterScreenController.xib */ = {isa = PBXFileReference; lastKnownFileType = file.xib; name = CharacterScreenController.xib; path = XIBs/CharacterScreenController.xib; sourceTree = "<group>"; };
		77F134E911661540005AE813 /* DifficultyScreenController.xib */ = {isa = PBXFileReference; lastKnownFileType = file.xib; name = DifficultyScreenController.xib; path = XIBs/DifficultyScreenController.xib; sourceTree = "<group>"; };
		77F134EA11661540005AE813 /* HelpScreenController.xib */ = {isa = PBXFileReference; lastKnownFileType = file.xib; name = HelpScreenController.xib; path = XIBs/HelpScreenController.xib; sourceTree = "<group>"; };
		77F134EB11661540005AE813 /* GameScreenController.xib */ = {isa = PBXFileReference; lastKnownFileType = file.xib; name = GameScreenController.xib; path = XIBs/GameScreenController.xib; sourceTree = "<group>"; };
		77F134EC11661540005AE813 /* GameOverScreenController.xib */ = {isa = PBXFileReference; lastKnownFileType = file.xib; name = GameOverScreenController.xib; path = XIBs/GameOverScreenController.xib; sourceTree = "<group>"; };
		77F134ED11661540005AE813 /* TopicScreenController.xib */ = {isa = PBXFileReference; lastKnownFileType = file.xib; name = TopicScreenController.xib; path = XIBs/TopicScreenController.xib; sourceTree = "<group>"; };
		77F134EE11661540005AE813 /* UserNameScreenController.xib */ = {isa = PBXFileReference; lastKnownFileType = file.xib; name = UserNameScreenController.xib; path = XIBs/UserNameScreenController.xib; sourceTree = "<group>"; };
		77F134EF11661540005AE813 /* NetworkController.xib */ = {isa = PBXFileReference; lastKnownFileType = file.xib; name = NetworkController.xib; path = XIBs/NetworkController.xib; sourceTree = "<group>"; };
		77F134F011661540005AE813 /* RootViewController.xib */ = {isa = PBXFileReference; lastKnownFileType = file.xib; name = RootViewController.xib; path = XIBs/RootViewController.xib; sourceTree = "<group>"; };
		77F134FA1166155A005AE813 /* MainWindow.xib */ = {isa = PBXFileReference; lastKnownFileType = file.xib; name = MainWindow.xib; path = XIBs/MainWindow.xib; sourceTree = "<group>"; };
		77F134FD116615BB005AE813 /* boy.png */ = {isa = PBXFileReference; lastKnownFileType = image.png; name = boy.png; path = Images/boy.png; sourceTree = "<group>"; };
		77F134FF116615BB005AE813 /* Space-Art-Wallpapers-12.jpg */ = {isa = PBXFileReference; lastKnownFileType = image.jpeg; name = "Space-Art-Wallpapers-12.jpg"; path = "Images/Space-Art-Wallpapers-12.jpg"; sourceTree = "<group>"; };
		77F13500116615BB005AE813 /* dog.png */ = {isa = PBXFileReference; lastKnownFileType = image.png; name = dog.png; path = Images/dog.png; sourceTree = "<group>"; };
		77F13501116615BB005AE813 /* girl.png */ = {isa = PBXFileReference; lastKnownFileType = image.png; name = girl.png; path = Images/girl.png; sourceTree = "<group>"; };
		77F13502116615BB005AE813 /* greyball3.png */ = {isa = PBXFileReference; lastKnownFileType = image.png; name = greyball3.png; path = Images/greyball3.png; sourceTree = "<group>"; };
		77F13505116615BB005AE813 /* cat.png */ = {isa = PBXFileReference; lastKnownFileType = image.png; name = cat.png; path = Images/cat.png; sourceTree = "<group>"; };
		8D1107310486CEB800E47090 /* MindBlaster-Info.plist */ = {isa = PBXFileReference; fileEncoding = 4; lastKnownFileType = text.plist.xml; path = "MindBlaster-Info.plist"; plistStructureDefinitionIdentifier = "com.apple.xcode.plist.structure-definition.iphone.info-plist"; sourceTree = "<group>"; };
		B43702291131E25A002A55F5 /* TopicScreenController.h */ = {isa = PBXFileReference; fileEncoding = 4; lastKnownFileType = sourcecode.c.h; path = TopicScreenController.h; sourceTree = "<group>"; };
		B437022A1131E25A002A55F5 /* TopicScreenController.m */ = {isa = PBXFileReference; fileEncoding = 4; lastKnownFileType = sourcecode.c.objc; path = TopicScreenController.m; sourceTree = "<group>"; };
		B43702411131E453002A55F5 /* DifficultyScreenController.h */ = {isa = PBXFileReference; fileEncoding = 4; lastKnownFileType = sourcecode.c.h; path = DifficultyScreenController.h; sourceTree = "<group>"; };
		B43702421131E453002A55F5 /* DifficultyScreenController.m */ = {isa = PBXFileReference; fileEncoding = 4; lastKnownFileType = sourcecode.c.objc; path = DifficultyScreenController.m; sourceTree = "<group>"; };
		B43702B41131EBF4002A55F5 /* GameScreenController.h */ = {isa = PBXFileReference; fileEncoding = 4; lastKnownFileType = sourcecode.c.h; path = GameScreenController.h; sourceTree = "<group>"; };
		B43702B51131EBF4002A55F5 /* GameScreenController.m */ = {isa = PBXFileReference; fileEncoding = 4; lastKnownFileType = sourcecode.c.objc; path = GameScreenController.m; sourceTree = "<group>"; };
		B43702E01131F094002A55F5 /* GameOverScreenController.h */ = {isa = PBXFileReference; fileEncoding = 4; lastKnownFileType = sourcecode.c.h; path = GameOverScreenController.h; sourceTree = "<group>"; };
		B43702E11131F094002A55F5 /* GameOverScreenController.m */ = {isa = PBXFileReference; fileEncoding = 4; lastKnownFileType = sourcecode.c.objc; path = GameOverScreenController.m; sourceTree = "<group>"; };
		B4C0FEF01131DDAC00EBC1D9 /* CharacterScreenController.h */ = {isa = PBXFileReference; fileEncoding = 4; lastKnownFileType = sourcecode.c.h; path = CharacterScreenController.h; sourceTree = "<group>"; };
		B4C0FEF11131DDAC00EBC1D9 /* CharacterScreenController.m */ = {isa = PBXFileReference; fileEncoding = 4; lastKnownFileType = sourcecode.c.objc; path = CharacterScreenController.m; sourceTree = "<group>"; };
		B4C0FF151131E04600EBC1D9 /* UserNameScreenController.h */ = {isa = PBXFileReference; fileEncoding = 4; lastKnownFileType = sourcecode.c.h; path = UserNameScreenController.h; sourceTree = "<group>"; };
		B4C0FF161131E04600EBC1D9 /* UserNameScreenController.m */ = {isa = PBXFileReference; fileEncoding = 4; lastKnownFileType = sourcecode.c.objc; path = UserNameScreenController.m; sourceTree = "<group>"; };
		B4EA94471132074700016680 /* HelpScreenController.h */ = {isa = PBXFileReference; fileEncoding = 4; lastKnownFileType = sourcecode.c.h; path = HelpScreenController.h; sourceTree = "<group>"; };
		B4EA94481132074700016680 /* HelpScreenController.m */ = {isa = PBXFileReference; fileEncoding = 4; lastKnownFileType = sourcecode.c.objc; path = HelpScreenController.m; sourceTree = "<group>"; };
/* End PBXFileReference section */

/* Begin PBXFrameworksBuildPhase section */
		1D60588F0D05DD3D006BFB54 /* Frameworks */ = {
			isa = PBXFrameworksBuildPhase;
			buildActionMask = 2147483647;
			files = (
				1D60589F0D05DD5A006BFB54 /* Foundation.framework in Frameworks */,
				1DF5F4E00D08C38300B7A737 /* UIKit.framework in Frameworks */,
				2892E4100DC94CBA00A64D0F /* CoreGraphics.framework in Frameworks */,
				77AFB020115AC80D00123F1C /* CFNetwork.framework in Frameworks */,
				77D49043115EC9CB0000625B /* SystemConfiguration.framework in Frameworks */,
				77D0F06B1163091D00BB8D5E /* AVFoundation.framework in Frameworks */,
			);
			runOnlyForDeploymentPostprocessing = 0;
		};
/* End PBXFrameworksBuildPhase section */

/* Begin PBXGroup section */
		080E96DDFE201D6D7F000001 /* Screen Controller Classes */ = {
			isa = PBXGroup;
			children = (
				B43702B41131EBF4002A55F5 /* GameScreenController.h */,
				B43702B51131EBF4002A55F5 /* GameScreenController.m */,
				773C9B2D115AC22E003A9C5F /* NetworkController.h */,
				77F134D3116614FC005AE813 /* NetworkController.m */,
				B4C0FEF01131DDAC00EBC1D9 /* CharacterScreenController.h */,
				B4C0FEF11131DDAC00EBC1D9 /* CharacterScreenController.m */,
				B43702291131E25A002A55F5 /* TopicScreenController.h */,
				B437022A1131E25A002A55F5 /* TopicScreenController.m */,
				28C286DF0D94DF7D0034E888 /* RootViewController.h */,
				28C286E00D94DF7D0034E888 /* RootViewController.m */,
				1D3623240D0F684500981E51 /* MindBlasterAppDelegate.h */,
				1D3623250D0F684500981E51 /* MindBlasterAppDelegate.m */,
				B4C0FF151131E04600EBC1D9 /* UserNameScreenController.h */,
				B4C0FF161131E04600EBC1D9 /* UserNameScreenController.m */,
				B43702411131E453002A55F5 /* DifficultyScreenController.h */,
				B43702421131E453002A55F5 /* DifficultyScreenController.m */,
				B43702E01131F094002A55F5 /* GameOverScreenController.h */,
				B43702E11131F094002A55F5 /* GameOverScreenController.m */,
				B4EA94471132074700016680 /* HelpScreenController.h */,
				B4EA94481132074700016680 /* HelpScreenController.m */,
				07BBE0B51137109E00BAF196 /* BackgroundAnimation.h */,
				07BBE0B61137109E00BAF196 /* BackgroundAnimation.m */,
				77E4469D116B34C000CDEF9D /* WebController.h */,
				77E4469E116B34C000CDEF9D /* WebController.m */,
			);
			name = "Screen Controller Classes";
			path = Classes;
			sourceTree = "<group>";
		};
		19C28FACFE9D520D11CA2CBB /* Products */ = {
			isa = PBXGroup;
			children = (
				1D6058910D05DD3D006BFB54 /* MindBlaster.app */,
			);
			name = Products;
			sourceTree = "<group>";
		};
		29B97314FDCFA39411CA2CEA /* CustomTemplate */ = {
			isa = PBXGroup;
			children = (
				B4B012DF1140810B00E0D5DB /* Game Play Classes */,
				080E96DDFE201D6D7F000001 /* Screen Controller Classes */,
				29B97315FDCFA39411CA2CEA /* Other Sources */,
				29B97317FDCFA39411CA2CEA /* Resources */,
				29B97323FDCFA39411CA2CEA /* Frameworks */,
				19C28FACFE9D520D11CA2CBB /* Products */,
			);
			name = CustomTemplate;
			sourceTree = "<group>";
		};
		29B97315FDCFA39411CA2CEA /* Other Sources */ = {
			isa = PBXGroup;
			children = (
				28A0AAE50D9B0CCF005BE974 /* MindBlaster_Prefix.pch */,
				77F134DC11661515005AE813 /* main.m */,
			);
			name = "Other Sources";
			sourceTree = "<group>";
		};
		29B97317FDCFA39411CA2CEA /* Resources */ = {
			isa = PBXGroup;
			children = (
				7750B1C91162A537007E29A8 /* Sounds */,
				773C9B46115AC288003A9C5F /* XIBs */,
				773C9B45115AC279003A9C5F /* Property Files */,
				773C9B44115AC25D003A9C5F /* Images */,
			);
			name = Resources;
			sourceTree = "<group>";
		};
		29B97323FDCFA39411CA2CEA /* Frameworks */ = {
			isa = PBXGroup;
			children = (
				77D49042115EC9CB0000625B /* SystemConfiguration.framework */,
				77D0F06A1163091D00BB8D5E /* AVFoundation.framework */,
				77AFB01F115AC80D00123F1C /* CFNetwork.framework */,
				1DF5F4DF0D08C38300B7A737 /* UIKit.framework */,
				1D30AB110D05D00D00671497 /* Foundation.framework */,
				2892E40F0DC94CBA00A64D0F /* CoreGraphics.framework */,
			);
			name = Frameworks;
			sourceTree = "<group>";
		};
		773C9B44115AC25D003A9C5F /* Images */ = {
			isa = PBXGroup;
			children = (
				77B45BB7116B431D008864A8 /* explosion animation pngs */,
				7787D64211689E3100EC2D2D /* Icon.png */,
				7787D61D11689B1200EC2D2D /* explosion.png */,
				77F134FF116615BB005AE813 /* Space-Art-Wallpapers-12.jpg */,
				77615F0A1166E5A900C755B8 /* pause.png */,
				777D449B11672D8F00CA014A /* Firebutton4.png */,
				777D449D11672D9A00CA014A /* controller ring3.png */,
				77F13502116615BB005AE813 /* greyball3.png */,
				77615F061166E53000C755B8 /* laser_pulse_size1.png */,
				77615F081166E59E00C755B8 /* ship.png */,
				777D449811672C1F00CA014A /* ship_shield2.png */,
				77AE82501166AC5100F9FCFE /* asteroid_1.png */,
				77AE823E1166A87600F9FCFE /* asteroid_2.png */,
				77AE823D1166A87600F9FCFE /* asteroid_3.png */,
				77AE82451166AA7600F9FCFE /* asteroid_4.png */,
				77AE82471166AA7D00F9FCFE /* asteroid_5.png */,
				77F134FD116615BB005AE813 /* boy.png */,
				77F13501116615BB005AE813 /* girl.png */,
				77F13500116615BB005AE813 /* dog.png */,
				77F13505116615BB005AE813 /* cat.png */,
			);
			name = Images;
			sourceTree = "<group>";
		};
		773C9B45115AC279003A9C5F /* Property Files */ = {
			isa = PBXGroup;
			children = (
				77DE5F5D115B3091007922D6 /* UserProfile.plist */,
				07786E21114EDAB00039C9FA /* UnitTesting-Info.plist */,
				8D1107310486CEB800E47090 /* MindBlaster-Info.plist */,
				77AFB034115AC8EF00123F1C /* ApplicationSettings.plist */,
			);
			name = "Property Files";
			sourceTree = "<group>";
		};
		773C9B46115AC288003A9C5F /* XIBs */ = {
			isa = PBXGroup;
			children = (
				77B45BB1116B40D6008864A8 /* WebController.xib */,
				77F134EB11661540005AE813 /* GameScreenController.xib */,
				77F134EF11661540005AE813 /* NetworkController.xib */,
				77F134E811661540005AE813 /* CharacterScreenController.xib */,
				77F134E911661540005AE813 /* DifficultyScreenController.xib */,
				77F134EA11661540005AE813 /* HelpScreenController.xib */,
				77F134EC11661540005AE813 /* GameOverScreenController.xib */,
				77F134ED11661540005AE813 /* TopicScreenController.xib */,
				77F134EE11661540005AE813 /* UserNameScreenController.xib */,
				77F134F011661540005AE813 /* RootViewController.xib */,
				77F134FA1166155A005AE813 /* MainWindow.xib */,
			);
			name = XIBs;
			sourceTree = "<group>";
		};
		7750B1C91162A537007E29A8 /* Sounds */ = {
			isa = PBXGroup;
			children = (
				778E294A11670E590093CF0B /* ButtonClick3.caf */,
				7730135F11662B72009E16D3 /* ButtonClick1.caf */,
				7730136011662B72009E16D3 /* LaserEffect4.caf */,
				77F134DE1166152A005AE813 /* Explosion1.caf */,
				77F134DF1166152A005AE813 /* AsteroidLevel3.m4a */,
				77F134E01166152A005AE813 /* AsteroidLevel2.m4a */,
				77F134E11166152A005AE813 /* LaserEffect1.caf */,
				77F134E21166152A005AE813 /* AsteroidLevel1.m4a */,
			);
			name = Sounds;
			sourceTree = "<group>";
		};
		77B45BB7116B431D008864A8 /* explosion animation pngs */ = {
			isa = PBXGroup;
			children = (
				77B45BD4116B436D008864A8 /* expl1.png */,
				77B45BD3116B436D008864A8 /* expl2.png */,
				77B45BCC116B436D008864A8 /* expl3.png */,
				77B45BD0116B436D008864A8 /* expl4.png */,
				77B45BCF116B436D008864A8 /* expl5.png */,
				77B45BCD116B436D008864A8 /* expl6.png */,
				77B45BD5116B436D008864A8 /* expl7.png */,
				77B45BD2116B436D008864A8 /* expl8.png */,
				77B45BD6116B436D008864A8 /* expl9.png */,
				77B45BD1116B436D008864A8 /* expl10.png */,
				77B45BCE116B436D008864A8 /* expl11.png */,
			);
			name = "explosion animation pngs";
			sourceTree = "<group>";
		};
		B4B012DF1140810B00E0D5DB /* Game Play Classes */ = {
			isa = PBXGroup;
			children = (
				77F134B8116614DE005AE813 /* Asteroid.h */,
				77F134C9116614DE005AE813 /* Asteroid.m */,
				77F134B9116614DE005AE813 /* Bullet.h */,
				77F134BC116614DE005AE813 /* Bullet.m */,
				77F134BB116614DE005AE813 /* Sound.h */,
				77F134BA116614DE005AE813 /* Sound.m */,
				77F134BE116614DE005AE813 /* Topic.h */,
				77F134BD116614DE005AE813 /* Topic.m */,
				77F134C0116614DE005AE813 /* Score.h */,
				77F134BF116614DE005AE813 /* Score.m */,
				77F134C1116614DE005AE813 /* GlobalAdmin.h */,
				77F134C8116614DE005AE813 /* GlobalAdmin.m */,
				77F134C3116614DE005AE813 /* Question.h */,
				77F134C2116614DE005AE813 /* Question.m */,
				77F134C5116614DE005AE813 /* UserProfile.h */,
				77F134C4116614DE005AE813 /* UserProfile.m */,
				77F134C7116614DE005AE813 /* Ship.h */,
				77F134C6116614DE005AE813 /* Ship.m */,
				77E44629116B279C00CDEF9D /* Statistics.h */,
				77E4462A116B279C00CDEF9D /* Statistics.m */,
			);
			name = "Game Play Classes";
			sourceTree = "<group>";
		};
/* End PBXGroup section */

/* Begin PBXNativeTarget section */
		1D6058900D05DD3D006BFB54 /* MindBlaster */ = {
			isa = PBXNativeTarget;
			buildConfigurationList = 1D6058960D05DD3E006BFB54 /* Build configuration list for PBXNativeTarget "MindBlaster" */;
			buildPhases = (
				1D60588D0D05DD3D006BFB54 /* Resources */,
				1D60588E0D05DD3D006BFB54 /* Sources */,
				1D60588F0D05DD3D006BFB54 /* Frameworks */,
			);
			buildRules = (
			);
			dependencies = (
			);
			name = MindBlaster;
			productName = MindBlaster;
			productReference = 1D6058910D05DD3D006BFB54 /* MindBlaster.app */;
			productType = "com.apple.product-type.application";
		};
/* End PBXNativeTarget section */

/* Begin PBXProject section */
		29B97313FDCFA39411CA2CEA /* Project object */ = {
			isa = PBXProject;
			buildConfigurationList = C01FCF4E08A954540054247B /* Build configuration list for PBXProject "MindBlaster" */;
			compatibilityVersion = "Xcode 3.1";
			hasScannedForEncodings = 1;
			knownRegions = (
				English,
				Japanese,
				French,
				German,
				en,
			);
			mainGroup = 29B97314FDCFA39411CA2CEA /* CustomTemplate */;
			projectDirPath = "";
			projectRoot = "";
			targets = (
				1D6058900D05DD3D006BFB54 /* MindBlaster */,
			);
		};
/* End PBXProject section */

/* Begin PBXResourcesBuildPhase section */
		1D60588D0D05DD3D006BFB54 /* Resources */ = {
			isa = PBXResourcesBuildPhase;
			buildActionMask = 2147483647;
			files = (
				77AFB035115AC8EF00123F1C /* ApplicationSettings.plist in Resources */,
				77DE5F5E115B3091007922D6 /* UserProfile.plist in Resources */,
				77F134E31166152A005AE813 /* Explosion1.caf in Resources */,
				77F134E41166152A005AE813 /* AsteroidLevel3.m4a in Resources */,
				77F134E51166152A005AE813 /* AsteroidLevel2.m4a in Resources */,
				77F134E61166152A005AE813 /* LaserEffect1.caf in Resources */,
				77F134E71166152A005AE813 /* AsteroidLevel1.m4a in Resources */,
				77F134F111661540005AE813 /* CharacterScreenController.xib in Resources */,
				77F134F211661540005AE813 /* DifficultyScreenController.xib in Resources */,
				77F134F311661540005AE813 /* HelpScreenController.xib in Resources */,
				77F134F411661540005AE813 /* GameScreenController.xib in Resources */,
				77F134F511661540005AE813 /* GameOverScreenController.xib in Resources */,
				77F134F611661540005AE813 /* TopicScreenController.xib in Resources */,
				77F134F711661540005AE813 /* UserNameScreenController.xib in Resources */,
				77F134F811661540005AE813 /* NetworkController.xib in Resources */,
				77F134F911661540005AE813 /* RootViewController.xib in Resources */,
				77F134FB1166155A005AE813 /* MainWindow.xib in Resources */,
				77F13508116615BB005AE813 /* boy.png in Resources */,
				77F1350A116615BB005AE813 /* Space-Art-Wallpapers-12.jpg in Resources */,
				77F1350B116615BB005AE813 /* dog.png in Resources */,
				77F1350C116615BB005AE813 /* girl.png in Resources */,
				77F1350D116615BB005AE813 /* greyball3.png in Resources */,
				77F13510116615BB005AE813 /* cat.png in Resources */,
				7730136111662B72009E16D3 /* ButtonClick1.caf in Resources */,
				7730136211662B72009E16D3 /* LaserEffect4.caf in Resources */,
				77AE823F1166A87600F9FCFE /* asteroid_3.png in Resources */,
				77AE82401166A87600F9FCFE /* asteroid_2.png in Resources */,
				77AE82461166AA7600F9FCFE /* asteroid_4.png in Resources */,
				77AE82481166AA7D00F9FCFE /* asteroid_5.png in Resources */,
				77AE82511166AC5100F9FCFE /* asteroid_1.png in Resources */,
				77615F071166E53000C755B8 /* laser_pulse_size1.png in Resources */,
				77615F091166E59E00C755B8 /* ship.png in Resources */,
				77615F0B1166E5A900C755B8 /* pause.png in Resources */,
				778E294B11670E590093CF0B /* ButtonClick3.caf in Resources */,
				777D449911672C1F00CA014A /* ship_shield2.png in Resources */,
				777D449C11672D8F00CA014A /* Firebutton4.png in Resources */,
				777D449E11672D9A00CA014A /* controller ring3.png in Resources */,
				7787D61E11689B1200EC2D2D /* explosion.png in Resources */,
				7787D64311689E3100EC2D2D /* Icon.png in Resources */,
				77B45BB2116B40D6008864A8 /* WebController.xib in Resources */,
				77B45BD7116B436D008864A8 /* expl3.png in Resources */,
				77B45BD8116B436D008864A8 /* expl6.png in Resources */,
				77B45BD9116B436D008864A8 /* expl11.png in Resources */,
				77B45BDA116B436D008864A8 /* expl5.png in Resources */,
				77B45BDB116B436D008864A8 /* expl4.png in Resources */,
				77B45BDC116B436D008864A8 /* expl10.png in Resources */,
				77B45BDD116B436D008864A8 /* expl8.png in Resources */,
				77B45BDE116B436D008864A8 /* expl2.png in Resources */,
				77B45BDF116B436D008864A8 /* expl1.png in Resources */,
				77B45BE0116B436D008864A8 /* expl7.png in Resources */,
				77B45BE1116B436D008864A8 /* expl9.png in Resources */,
			);
			runOnlyForDeploymentPostprocessing = 0;
		};
/* End PBXResourcesBuildPhase section */

/* Begin PBXSourcesBuildPhase section */
		1D60588E0D05DD3D006BFB54 /* Sources */ = {
			isa = PBXSourcesBuildPhase;
			buildActionMask = 2147483647;
			files = (
				1D3623260D0F684500981E51 /* MindBlasterAppDelegate.m in Sources */,
				28C286E10D94DF7D0034E888 /* RootViewController.m in Sources */,
				B4C0FEF31131DDAC00EBC1D9 /* CharacterScreenController.m in Sources */,
				B4C0FF181131E04600EBC1D9 /* UserNameScreenController.m in Sources */,
				B437022C1131E25A002A55F5 /* TopicScreenController.m in Sources */,
				B43702441131E453002A55F5 /* DifficultyScreenController.m in Sources */,
				B43702B71131EBF4002A55F5 /* GameScreenController.m in Sources */,
				B43702E31131F094002A55F5 /* GameOverScreenController.m in Sources */,
				B4EA944A1132074700016680 /* HelpScreenController.m in Sources */,
				07BBE0B71137109E00BAF196 /* BackgroundAnimation.m in Sources */,
				77F134CA116614DE005AE813 /* Sound.m in Sources */,
				77F134CB116614DE005AE813 /* Bullet.m in Sources */,
				77F134CC116614DE005AE813 /* Topic.m in Sources */,
				77F134CD116614DE005AE813 /* Score.m in Sources */,
				77F134CE116614DE005AE813 /* Question.m in Sources */,
				77F134CF116614DE005AE813 /* UserProfile.m in Sources */,
				77F134D0116614DE005AE813 /* Ship.m in Sources */,
				77F134D1116614DE005AE813 /* GlobalAdmin.m in Sources */,
				77F134D2116614DE005AE813 /* Asteroid.m in Sources */,
				77F134D4116614FC005AE813 /* NetworkController.m in Sources */,
				77F134DD11661515005AE813 /* main.m in Sources */,
				77E4462B116B279C00CDEF9D /* Statistics.m in Sources */,
				77E446A0116B34C000CDEF9D /* WebController.m in Sources */,
			);
			runOnlyForDeploymentPostprocessing = 0;
		};
/* End PBXSourcesBuildPhase section */

/* Begin XCBuildConfiguration section */
		1D6058940D05DD3E006BFB54 /* Debug */ = {
			isa = XCBuildConfiguration;
			buildSettings = {
				ALWAYS_SEARCH_USER_PATHS = NO;
				COPY_PHASE_STRIP = NO;
				FRAMEWORK_SEARCH_PATHS = (
					"$(inherited)",
					"\"$(SRCROOT)\"",
					"\"$(SRCROOT)/../../MindBlaster112/MindBlasterLatest/iphoneos3.1.2/System/Library/Frameworks\"",
				);
				GCC_DYNAMIC_NO_PIC = NO;
				GCC_OPTIMIZATION_LEVEL = 0;
				GCC_PRECOMPILE_PREFIX_HEADER = YES;
				GCC_PREFIX_HEADER = MindBlaster_Prefix.pch;
				INFOPLIST_FILE = "MindBlaster-Info.plist";
				PRODUCT_NAME = MindBlaster;
			};
			name = Debug;
		};
		1D6058950D05DD3E006BFB54 /* Release */ = {
			isa = XCBuildConfiguration;
			buildSettings = {
				ALWAYS_SEARCH_USER_PATHS = NO;
				COPY_PHASE_STRIP = YES;
				FRAMEWORK_SEARCH_PATHS = (
					"$(inherited)",
					"\"$(SRCROOT)\"",
					"\"$(SRCROOT)/../../MindBlaster112/MindBlasterLatest/iphoneos3.1.2/System/Library/Frameworks\"",
				);
				GCC_PRECOMPILE_PREFIX_HEADER = YES;
				GCC_PREFIX_HEADER = MindBlaster_Prefix.pch;
				INFOPLIST_FILE = "MindBlaster-Info.plist";
				PRODUCT_NAME = MindBlaster;
			};
			name = Release;
		};
		C01FCF4F08A954540054247B /* Debug */ = {
			isa = XCBuildConfiguration;
			buildSettings = {
				ARCHS = "$(ARCHS_STANDARD_32_BIT)";
				"CODE_SIGN_IDENTITY[sdk=iphoneos*]" = "iPhone Developer";
				GCC_C_LANGUAGE_STANDARD = c99;
				GCC_WARN_ABOUT_RETURN_TYPE = YES;
				GCC_WARN_UNUSED_VARIABLE = YES;
				PREBINDING = NO;
				SDKROOT = iphoneos3.1.2;
			};
			name = Debug;
		};
		C01FCF5008A954540054247B /* Release */ = {
			isa = XCBuildConfiguration;
			buildSettings = {
				ARCHS = "$(ARCHS_STANDARD_32_BIT)";
				"CODE_SIGN_IDENTITY[sdk=iphoneos*]" = "iPhone Developer";
				GCC_C_LANGUAGE_STANDARD = c99;
				GCC_WARN_ABOUT_RETURN_TYPE = YES;
				GCC_WARN_UNUSED_VARIABLE = YES;
				PREBINDING = NO;
				SDKROOT = iphoneos3.1.2;
			};
			name = Release;
		};
/* End XCBuildConfiguration section */

/* Begin XCConfigurationList section */
		1D6058960D05DD3E006BFB54 /* Build configuration list for PBXNativeTarget "MindBlaster" */ = {
			isa = XCConfigurationList;
			buildConfigurations = (
				1D6058940D05DD3E006BFB54 /* Debug */,
				1D6058950D05DD3E006BFB54 /* Release */,
			);
			defaultConfigurationIsVisible = 0;
			defaultConfigurationName = Release;
		};
		C01FCF4E08A954540054247B /* Build configuration list for PBXProject "MindBlaster" */ = {
			isa = XCConfigurationList;
			buildConfigurations = (
				C01FCF4F08A954540054247B /* Debug */,
				C01FCF5008A954540054247B /* Release */,
			);
			defaultConfigurationIsVisible = 0;
			defaultConfigurationName = Release;
		};
/* End XCConfigurationList section */
	};
	rootObject = 29B97313FDCFA39411CA2CEA /* Project object */;
}
